// !$*UTF8*$!
{
	archiveVersion = 1;
	classes = {
	};
	objectVersion = 46;
	objects = {

/* Begin PBXBuildFile section */
		05B9BBCCCE9C396455CE9C12 /* Pods_TogetherStreamTests.framework in Frameworks */ = {isa = PBXBuildFile; fileRef = F732244D81D2364C6F8AF257 /* Pods_TogetherStreamTests.framework */; };
		3401B4321E2EDDB9005ACB96 /* ChatTextFieldAccessoryView.swift in Sources */ = {isa = PBXBuildFile; fileRef = 3401B4311E2EDDB9005ACB96 /* ChatTextFieldAccessoryView.swift */; };
		3401B4341E2EDDCF005ACB96 /* ChatTextFieldAccessoryView.xib in Resources */ = {isa = PBXBuildFile; fileRef = 3401B4331E2EDDCF005ACB96 /* ChatTextFieldAccessoryView.xib */; };
		3401B4381E2F0C75005ACB96 /* UITableViewExtension.swift in Sources */ = {isa = PBXBuildFile; fileRef = 3401B4371E2F0C75005ACB96 /* UITableViewExtension.swift */; };
		3401B43A1E2F1FF1005ACB96 /* ChatMessageTableViewCell.xib in Resources */ = {isa = PBXBuildFile; fileRef = 3401B4391E2F1FF1005ACB96 /* ChatMessageTableViewCell.xib */; };
		3401B43D1E2F2C61005ACB96 /* ChatEventTableViewCell.swift in Sources */ = {isa = PBXBuildFile; fileRef = 3401B43B1E2F2C61005ACB96 /* ChatEventTableViewCell.swift */; };
		3401B43E1E2F2C61005ACB96 /* ChatEventTableViewCell.xib in Resources */ = {isa = PBXBuildFile; fileRef = 3401B43C1E2F2C61005ACB96 /* ChatEventTableViewCell.xib */; };
		3419A1F81DF8837E00A11D53 /* NameStreamViewController.swift in Sources */ = {isa = PBXBuildFile; fileRef = 3419A1F71DF8837E00A11D53 /* NameStreamViewController.swift */; };
		3419A1FA1DF8839100A11D53 /* InviteStreamViewController.swift in Sources */ = {isa = PBXBuildFile; fileRef = 3419A1F91DF8839100A11D53 /* InviteStreamViewController.swift */; };
		3419A1FC1DF883AF00A11D53 /* MainNavigationController.swift in Sources */ = {isa = PBXBuildFile; fileRef = 3419A1FB1DF883AF00A11D53 /* MainNavigationController.swift */; };
		34AB45881E259A63000730DC /* Login.storyboard in Resources */ = {isa = PBXBuildFile; fileRef = 34AB45871E259A63000730DC /* Login.storyboard */; };
		34AB458A1E259B67000730DC /* Profile.storyboard in Resources */ = {isa = PBXBuildFile; fileRef = 34AB45891E259B67000730DC /* Profile.storyboard */; };
		34AB458C1E259BDD000730DC /* NameStream.storyboard in Resources */ = {isa = PBXBuildFile; fileRef = 34AB458B1E259BDD000730DC /* NameStream.storyboard */; };
		34AB458E1E259BFE000730DC /* InviteStream.storyboard in Resources */ = {isa = PBXBuildFile; fileRef = 34AB458D1E259BFE000730DC /* InviteStream.storyboard */; };
		34AB45901E259C15000730DC /* Stream.storyboard in Resources */ = {isa = PBXBuildFile; fileRef = 34AB458F1E259C15000730DC /* Stream.storyboard */; };
		34AB45921E259C29000730DC /* AddVideos.storyboard in Resources */ = {isa = PBXBuildFile; fileRef = 34AB45911E259C29000730DC /* AddVideos.storyboard */; };
		34AD4BFB1E20400E00210F61 /* LICENSE.txt in Resources */ = {isa = PBXBuildFile; fileRef = 34AD4BE51E20400E00210F61 /* LICENSE.txt */; };
		34AD4BFC1E20400E00210F61 /* OpenSans-Bold.ttf in Resources */ = {isa = PBXBuildFile; fileRef = 34AD4BE61E20400E00210F61 /* OpenSans-Bold.ttf */; };
		34AD4BFD1E20400E00210F61 /* OpenSans-BoldItalic.ttf in Resources */ = {isa = PBXBuildFile; fileRef = 34AD4BE71E20400E00210F61 /* OpenSans-BoldItalic.ttf */; };
		34AD4BFE1E20400E00210F61 /* OpenSans-ExtraBold.ttf in Resources */ = {isa = PBXBuildFile; fileRef = 34AD4BE81E20400E00210F61 /* OpenSans-ExtraBold.ttf */; };
		34AD4BFF1E20400E00210F61 /* OpenSans-ExtraBoldItalic.ttf in Resources */ = {isa = PBXBuildFile; fileRef = 34AD4BE91E20400E00210F61 /* OpenSans-ExtraBoldItalic.ttf */; };
		34AD4C001E20400E00210F61 /* OpenSans-Italic.ttf in Resources */ = {isa = PBXBuildFile; fileRef = 34AD4BEA1E20400E00210F61 /* OpenSans-Italic.ttf */; };
		34AD4C011E20400E00210F61 /* OpenSans-Light.ttf in Resources */ = {isa = PBXBuildFile; fileRef = 34AD4BEB1E20400E00210F61 /* OpenSans-Light.ttf */; };
		34AD4C021E20400E00210F61 /* OpenSans-LightItalic.ttf in Resources */ = {isa = PBXBuildFile; fileRef = 34AD4BEC1E20400E00210F61 /* OpenSans-LightItalic.ttf */; };
		34AD4C031E20400E00210F61 /* OpenSans-Regular.ttf in Resources */ = {isa = PBXBuildFile; fileRef = 34AD4BED1E20400E00210F61 /* OpenSans-Regular.ttf */; };
		34AD4C041E20400E00210F61 /* OpenSans-Semibold.ttf in Resources */ = {isa = PBXBuildFile; fileRef = 34AD4BEE1E20400E00210F61 /* OpenSans-Semibold.ttf */; };
		34AD4C051E20400E00210F61 /* OpenSans-SemiboldItalic.ttf in Resources */ = {isa = PBXBuildFile; fileRef = 34AD4BEF1E20400E00210F61 /* OpenSans-SemiboldItalic.ttf */; };
		34AD4C061E20400E00210F61 /* OFL.txt in Resources */ = {isa = PBXBuildFile; fileRef = 34AD4BF11E20400E00210F61 /* OFL.txt */; };
		34AD4C071E20400E00210F61 /* WorkSans-Black.ttf in Resources */ = {isa = PBXBuildFile; fileRef = 34AD4BF21E20400E00210F61 /* WorkSans-Black.ttf */; };
		34AD4C081E20400E00210F61 /* WorkSans-Bold.ttf in Resources */ = {isa = PBXBuildFile; fileRef = 34AD4BF31E20400E00210F61 /* WorkSans-Bold.ttf */; };
		34AD4C091E20400E00210F61 /* WorkSans-ExtraBold.ttf in Resources */ = {isa = PBXBuildFile; fileRef = 34AD4BF41E20400E00210F61 /* WorkSans-ExtraBold.ttf */; };
		34AD4C0A1E20400E00210F61 /* WorkSans-ExtraLight.ttf in Resources */ = {isa = PBXBuildFile; fileRef = 34AD4BF51E20400E00210F61 /* WorkSans-ExtraLight.ttf */; };
		34AD4C0B1E20400E00210F61 /* WorkSans-Light.ttf in Resources */ = {isa = PBXBuildFile; fileRef = 34AD4BF61E20400E00210F61 /* WorkSans-Light.ttf */; };
		34AD4C0C1E20400E00210F61 /* WorkSans-Medium.ttf in Resources */ = {isa = PBXBuildFile; fileRef = 34AD4BF71E20400E00210F61 /* WorkSans-Medium.ttf */; };
		34AD4C0D1E20400E00210F61 /* WorkSans-Regular.ttf in Resources */ = {isa = PBXBuildFile; fileRef = 34AD4BF81E20400E00210F61 /* WorkSans-Regular.ttf */; };
		34AD4C0E1E20400E00210F61 /* WorkSans-SemiBold.ttf in Resources */ = {isa = PBXBuildFile; fileRef = 34AD4BF91E20400E00210F61 /* WorkSans-SemiBold.ttf */; };
		34AD4C0F1E20400E00210F61 /* WorkSans-Thin.ttf in Resources */ = {isa = PBXBuildFile; fileRef = 34AD4BFA1E20400E00210F61 /* WorkSans-Thin.ttf */; };
		34C6E5311DF21BAD00EB4972 /* private.plist in Resources */ = {isa = PBXBuildFile; fileRef = 34C6E5301DF21BAD00EB4972 /* private.plist */; };
		34C6E5331DF23D4600EB4972 /* StreamViewController.swift in Sources */ = {isa = PBXBuildFile; fileRef = 34C6E5321DF23D4600EB4972 /* StreamViewController.swift */; };
		34C6E5371DF23DBC00EB4972 /* HomeViewController.swift in Sources */ = {isa = PBXBuildFile; fileRef = 34C6E5341DF23DBC00EB4972 /* HomeViewController.swift */; };
		34C6E5381DF23DBC00EB4972 /* LoginViewController.swift in Sources */ = {isa = PBXBuildFile; fileRef = 34C6E5351DF23DBC00EB4972 /* LoginViewController.swift */; };
		34C6E5391DF23DBC00EB4972 /* ProfileViewController.swift in Sources */ = {isa = PBXBuildFile; fileRef = 34C6E5361DF23DBC00EB4972 /* ProfileViewController.swift */; };
		34DA46B31DE61FC600E989A9 /* AppDelegate.swift in Sources */ = {isa = PBXBuildFile; fileRef = 34DA46B21DE61FC600E989A9 /* AppDelegate.swift */; };
		34DA46BA1DE61FC600E989A9 /* Assets.xcassets in Resources */ = {isa = PBXBuildFile; fileRef = 34DA46B91DE61FC600E989A9 /* Assets.xcassets */; };
		34DA46C81DE61FC600E989A9 /* TogetherStreamTests.swift in Sources */ = {isa = PBXBuildFile; fileRef = 34DA46C71DE61FC600E989A9 /* TogetherStreamTests.swift */; };
		34DA46D31DE61FC600E989A9 /* TogetherStreamUITests.swift in Sources */ = {isa = PBXBuildFile; fileRef = 34DA46D21DE61FC600E989A9 /* TogetherStreamUITests.swift */; };
		34DA47161DECA2E600E989A9 /* UIViewControllerExtension.swift in Sources */ = {isa = PBXBuildFile; fileRef = 34DA46EA1DECA2E500E989A9 /* UIViewControllerExtension.swift */; };
		34DA47171DECA2E600E989A9 /* UIViewExtensions.swift in Sources */ = {isa = PBXBuildFile; fileRef = 34DA46EB1DECA2E500E989A9 /* UIViewExtensions.swift */; };
		34DA47271DECA2E600E989A9 /* Utils.swift in Sources */ = {isa = PBXBuildFile; fileRef = 34DA47071DECA2E500E989A9 /* Utils.swift */; };
		34DA472F1DECA31300E989A9 /* LaunchScreen.storyboard in Resources */ = {isa = PBXBuildFile; fileRef = 34DA472D1DECA31300E989A9 /* LaunchScreen.storyboard */; };
		34DA47301DECA31300E989A9 /* Main.storyboard in Resources */ = {isa = PBXBuildFile; fileRef = 34DA472E1DECA31300E989A9 /* Main.storyboard */; };
		34E57BE61DFB0B6800C8BAEA /* AddVideosViewController.swift in Sources */ = {isa = PBXBuildFile; fileRef = 34E57BE51DFB0B6800C8BAEA /* AddVideosViewController.swift */; };
		4A240FBC1E2D8CF600DCD418 /* FriendTableViewCell.swift in Sources */ = {isa = PBXBuildFile; fileRef = 4A240FBA1E2D8CF600DCD418 /* FriendTableViewCell.swift */; };
		4A240FBD1E2D8CF600DCD418 /* FriendTableViewCell.xib in Resources */ = {isa = PBXBuildFile; fileRef = 4A240FBB1E2D8CF600DCD418 /* FriendTableViewCell.xib */; };
		4A240FC01E2EC57600DCD418 /* InviteFriendsHeaderTableViewCell.swift in Sources */ = {isa = PBXBuildFile; fileRef = 4A240FBE1E2EC57600DCD418 /* InviteFriendsHeaderTableViewCell.swift */; };
		4A240FC11E2EC57600DCD418 /* InviteFriendsHeaderTableViewCell.xib in Resources */ = {isa = PBXBuildFile; fileRef = 4A240FBF1E2EC57600DCD418 /* InviteFriendsHeaderTableViewCell.xib */; };
		4ABA7DD21E3948B80059CA1F /* InviteStreamViewModel.swift in Sources */ = {isa = PBXBuildFile; fileRef = 4ABA7DD11E3948B80059CA1F /* InviteStreamViewModel.swift */; };
		4AD6F7BC1E2D3755006104CF /* TextEmailTableViewCell.swift in Sources */ = {isa = PBXBuildFile; fileRef = 4AD6F7BA1E2D3755006104CF /* TextEmailTableViewCell.swift */; };
		4AD6F7BD1E2D3755006104CF /* TextEmailTableViewCell.xib in Resources */ = {isa = PBXBuildFile; fileRef = 4AD6F7BB1E2D3755006104CF /* TextEmailTableViewCell.xib */; };
		6898A7871E44015B000C58F5 /* AboutViewController.swift in Sources */ = {isa = PBXBuildFile; fileRef = 6898A7861E44015B000C58F5 /* AboutViewController.swift */; };
		68991ECF1E411F7F00F5B4A0 /* ProfileTableViewCell.swift in Sources */ = {isa = PBXBuildFile; fileRef = 68991ECD1E411F7F00F5B4A0 /* ProfileTableViewCell.swift */; };
		68991ED01E411F7F00F5B4A0 /* ProfileTableViewCell.xib in Resources */ = {isa = PBXBuildFile; fileRef = 68991ECE1E411F7F00F5B4A0 /* ProfileTableViewCell.xib */; };
		689A111E1E2FF35200B87DEF /* Popup.storyboard in Resources */ = {isa = PBXBuildFile; fileRef = 689A111D1E2FF35200B87DEF /* Popup.storyboard */; };
		689A11201E2FFF3900B87DEF /* PopupViewController.swift in Sources */ = {isa = PBXBuildFile; fileRef = 689A111F1E2FFF3900B87DEF /* PopupViewController.swift */; };
		832ED16E7142946E401F004B /* Pods_TogetherStreamUITests.framework in Frameworks */ = {isa = PBXBuildFile; fileRef = 08ACD779EBDAC91A4230AC59 /* Pods_TogetherStreamUITests.framework */; };
		A20B11401E6F1B54003A49ED /* LicenseAgreementViewController.swift in Sources */ = {isa = PBXBuildFile; fileRef = A20B113F1E6F1B54003A49ED /* LicenseAgreementViewController.swift */; };
		A23377A91E01DDD500E43DA0 /* HeartbeatDataManager.swift in Sources */ = {isa = PBXBuildFile; fileRef = A23377A81E01DDD500E43DA0 /* HeartbeatDataManager.swift */; };
		A2483D451E3BB6AE007E92DD /* VideoQueueTableViewCell.swift in Sources */ = {isa = PBXBuildFile; fileRef = A2483D431E3BB6AE007E92DD /* VideoQueueTableViewCell.swift */; };
		A2483D461E3BB6AE007E92DD /* VideoQueueTableViewCell.xib in Resources */ = {isa = PBXBuildFile; fileRef = A2483D441E3BB6AE007E92DD /* VideoQueueTableViewCell.xib */; };
		A24A2FE41E85B251003A0CD1 /* ParticipantTableViewController.swift in Sources */ = {isa = PBXBuildFile; fileRef = A24A2FE31E85B251003A0CD1 /* ParticipantTableViewController.swift */; };
		A24A2FE61E85C13C003A0CD1 /* ParticipantHeaderView.swift in Sources */ = {isa = PBXBuildFile; fileRef = A24A2FE51E85C13C003A0CD1 /* ParticipantHeaderView.swift */; };
		A24A2FE81E85C14D003A0CD1 /* ParticipantHeaderView.xib in Resources */ = {isa = PBXBuildFile; fileRef = A24A2FE71E85C14D003A0CD1 /* ParticipantHeaderView.xib */; };
		A25D96201E0341A3008FD996 /* ChatDataManager.swift in Sources */ = {isa = PBXBuildFile; fileRef = A25D961F1E0341A3008FD996 /* ChatDataManager.swift */; };
		A25D96221E0344B3008FD996 /* ChatMessage.swift in Sources */ = {isa = PBXBuildFile; fileRef = A25D96211E0344B3008FD996 /* ChatMessage.swift */; };
		A25D96241E0B16BA008FD996 /* StreamViewModel.swift in Sources */ = {isa = PBXBuildFile; fileRef = A25D96231E0B16BA008FD996 /* StreamViewModel.swift */; };
		A25D96261E1D55E9008FD996 /* Stream.swift in Sources */ = {isa = PBXBuildFile; fileRef = A25D96251E1D55E9008FD996 /* Stream.swift */; };
		A25D96281E1D6964008FD996 /* ChatMessageTableViewCell.swift in Sources */ = {isa = PBXBuildFile; fileRef = A25D96271E1D6964008FD996 /* ChatMessageTableViewCell.swift */; };
		A25D962A1E1D92EB008FD996 /* StreamTableViewCell.swift in Sources */ = {isa = PBXBuildFile; fileRef = A25D96291E1D92EB008FD996 /* StreamTableViewCell.swift */; };
		A25D962C1E1D965A008FD996 /* HomeViewModel.swift in Sources */ = {isa = PBXBuildFile; fileRef = A25D962B1E1D965A008FD996 /* HomeViewModel.swift */; };
		A266BD8E1E79F392009992F2 /* GoogleService-Info.plist in Resources */ = {isa = PBXBuildFile; fileRef = A20B11791E71C23C003A49ED /* GoogleService-Info.plist */; };
		A29D11021DF5FC4E00FA0EEC /* AccountDataManager.swift in Sources */ = {isa = PBXBuildFile; fileRef = A29D11011DF5FC4E00FA0EEC /* AccountDataManager.swift */; };
		A29D11041DF8B30D00FA0EEC /* User.swift in Sources */ = {isa = PBXBuildFile; fileRef = A29D11031DF8B30D00FA0EEC /* User.swift */; };
		A2A436081DFA04C7008C2FB2 /* CSyncSDK.framework in Frameworks */ = {isa = PBXBuildFile; fileRef = A2A436051DFA04C7008C2FB2 /* CSyncSDK.framework */; };
		A2A436091DFA04C7008C2FB2 /* SQLite.framework in Frameworks */ = {isa = PBXBuildFile; fileRef = A2A436061DFA04C7008C2FB2 /* SQLite.framework */; };
		A2A4360A1DFA04C7008C2FB2 /* SwiftWebSocket.framework in Frameworks */ = {isa = PBXBuildFile; fileRef = A2A436071DFA04C7008C2FB2 /* SwiftWebSocket.framework */; };
		A2A4360D1DFB2421008C2FB2 /* FacebookDataManager.swift in Sources */ = {isa = PBXBuildFile; fileRef = A2A4360C1DFB2421008C2FB2 /* FacebookDataManager.swift */; };
		A2A4360F1DFB24CE008C2FB2 /* ServerError.swift in Sources */ = {isa = PBXBuildFile; fileRef = A2A4360E1DFB24CE008C2FB2 /* ServerError.swift */; };
		A2A436111DFB3D7F008C2FB2 /* CSyncDataManager.swift in Sources */ = {isa = PBXBuildFile; fileRef = A2A436101DFB3D7F008C2FB2 /* CSyncDataManager.swift */; };
		A2AF79F31E64AA0200796C9B /* InviteCodeTableViewCell.swift in Sources */ = {isa = PBXBuildFile; fileRef = A2AF79F11E64AA0200796C9B /* InviteCodeTableViewCell.swift */; };
		A2AF79F41E64AA0200796C9B /* InviteCodeTableViewCell.xib in Resources */ = {isa = PBXBuildFile; fileRef = A2AF79F21E64AA0200796C9B /* InviteCodeTableViewCell.xib */; };
		A2B2B8521E82FAAE006EA959 /* Duration.swift in Sources */ = {isa = PBXBuildFile; fileRef = A2B2B8511E82FAAE006EA959 /* Duration.swift */; };
		A2B2B8541E830E58006EA959 /* String.swift in Sources */ = {isa = PBXBuildFile; fileRef = A2B2B8531E830E58006EA959 /* String.swift */; };
		A2B2B8571E841681006EA959 /* EndStreamsTableViewCell.swift in Sources */ = {isa = PBXBuildFile; fileRef = A2B2B8551E841681006EA959 /* EndStreamsTableViewCell.swift */; };
		A2B2B8581E841681006EA959 /* EndStreamsTableViewCell.xib in Resources */ = {isa = PBXBuildFile; fileRef = A2B2B8561E841681006EA959 /* EndStreamsTableViewCell.xib */; };
		A2C1BD7D1E23EE6C00F515E7 /* ParticipantMessage.swift in Sources */ = {isa = PBXBuildFile; fileRef = A2C1BD7C1E23EE6C00F515E7 /* ParticipantMessage.swift */; };
		A2C1BD7F1E23FA9400F515E7 /* Message.swift in Sources */ = {isa = PBXBuildFile; fileRef = A2C1BD7E1E23FA9400F515E7 /* Message.swift */; };
		A2C1BD811E24024800F515E7 /* ParticipantsDataManager.swift in Sources */ = {isa = PBXBuildFile; fileRef = A2C1BD801E24024800F515E7 /* ParticipantsDataManager.swift */; };
		A2CC53FF1E8950C00083E1CD /* ParticipantTableViewCell.swift in Sources */ = {isa = PBXBuildFile; fileRef = A2CC53FD1E8950C00083E1CD /* ParticipantTableViewCell.swift */; };
		A2CC54001E8950C00083E1CD /* ParticipantTableViewCell.xib in Resources */ = {isa = PBXBuildFile; fileRef = A2CC53FE1E8950C00083E1CD /* ParticipantTableViewCell.xib */; };
		A2D44DAC1E253D4C00053099 /* YouTubeDataManager.swift in Sources */ = {isa = PBXBuildFile; fileRef = A2D44DAB1E253D4C00053099 /* YouTubeDataManager.swift */; };
		A2D44DAE1E25739300053099 /* AddVideosViewModel.swift in Sources */ = {isa = PBXBuildFile; fileRef = A2D44DAD1E25739300053099 /* AddVideosViewModel.swift */; };
		A2D44DB01E25754C00053099 /* Video.swift in Sources */ = {isa = PBXBuildFile; fileRef = A2D44DAF1E25754C00053099 /* Video.swift */; };
		A2D44DB41E2FF4E300053099 /* UIColor.swift in Sources */ = {isa = PBXBuildFile; fileRef = A2D44DB31E2FF4E300053099 /* UIColor.swift */; };
		A2D44DBA1E301E9400053099 /* NoStreamsTableViewCell.swift in Sources */ = {isa = PBXBuildFile; fileRef = A2D44DB91E301E9400053099 /* NoStreamsTableViewCell.swift */; };
		A2D44DBC1E30225500053099 /* StreamTableViewCell.xib in Resources */ = {isa = PBXBuildFile; fileRef = A2D44DBB1E30225500053099 /* StreamTableViewCell.xib */; };
		A2D44DBE1E3024DC00053099 /* NoStreamsTableViewCell.xib in Resources */ = {isa = PBXBuildFile; fileRef = A2D44DBD1E3024DC00053099 /* NoStreamsTableViewCell.xib */; };
		A2D44DC11E32B15900053099 /* SearchResultTableViewCell.swift in Sources */ = {isa = PBXBuildFile; fileRef = A2D44DBF1E32B15900053099 /* SearchResultTableViewCell.swift */; };
		A2D44DC21E32B15900053099 /* SearchResultTableViewCell.xib in Resources */ = {isa = PBXBuildFile; fileRef = A2D44DC01E32B15900053099 /* SearchResultTableViewCell.xib */; };
		A2D44DC41E33E99900053099 /* SearchResultHeaderView.swift in Sources */ = {isa = PBXBuildFile; fileRef = A2D44DC31E33E99900053099 /* SearchResultHeaderView.swift */; };
		A2D44DC61E33E9A600053099 /* SearchResultHeaderView.xib in Resources */ = {isa = PBXBuildFile; fileRef = A2D44DC51E33E9A600053099 /* SearchResultHeaderView.xib */; };
		A2D44DCA1E36ACEE00053099 /* NextBannerView.xib in Resources */ = {isa = PBXBuildFile; fileRef = A2D44DC91E36ACEE00053099 /* NextBannerView.xib */; };
		A2D44DCC1E36AE2700053099 /* NextBannerView.swift in Sources */ = {isa = PBXBuildFile; fileRef = A2D44DCB1E36AE2700053099 /* NextBannerView.swift */; };
		A2F95F7C1E380AE300E41C58 /* ThreadSafeCallbackQueue.swift in Sources */ = {isa = PBXBuildFile; fileRef = A2F95F7B1E380AE300E41C58 /* ThreadSafeCallbackQueue.swift */; };
		D9A476B54A6F55293E78F7A6 /* Pods_TogetherStream.framework in Frameworks */ = {isa = PBXBuildFile; fileRef = 148883ACA92439315DFBF366 /* Pods_TogetherStream.framework */; };
/* End PBXBuildFile section */

/* Begin PBXContainerItemProxy section */
		34DA46C41DE61FC600E989A9 /* PBXContainerItemProxy */ = {
			isa = PBXContainerItemProxy;
			containerPortal = 34DA46A71DE61FC600E989A9 /* Project object */;
			proxyType = 1;
			remoteGlobalIDString = 34DA46AE1DE61FC600E989A9;
			remoteInfo = Stormtrooper;
		};
		34DA46CF1DE61FC600E989A9 /* PBXContainerItemProxy */ = {
			isa = PBXContainerItemProxy;
			containerPortal = 34DA46A71DE61FC600E989A9 /* Project object */;
			proxyType = 1;
			remoteGlobalIDString = 34DA46AE1DE61FC600E989A9;
			remoteInfo = Stormtrooper;
		};
/* End PBXContainerItemProxy section */

/* Begin PBXFileReference section */
		08ACD779EBDAC91A4230AC59 /* Pods_TogetherStreamUITests.framework */ = {isa = PBXFileReference; explicitFileType = wrapper.framework; includeInIndex = 0; path = Pods_TogetherStreamUITests.framework; sourceTree = BUILT_PRODUCTS_DIR; };
		148883ACA92439315DFBF366 /* Pods_TogetherStream.framework */ = {isa = PBXFileReference; explicitFileType = wrapper.framework; includeInIndex = 0; path = Pods_TogetherStream.framework; sourceTree = BUILT_PRODUCTS_DIR; };
		19316B70FD384C6448178433 /* Pods-TogetherStream.release.xcconfig */ = {isa = PBXFileReference; includeInIndex = 1; lastKnownFileType = text.xcconfig; name = "Pods-TogetherStream.release.xcconfig"; path = "Pods/Target Support Files/Pods-TogetherStream/Pods-TogetherStream.release.xcconfig"; sourceTree = "<group>"; };
		26C1EFB16234FDE318ED304E /* Pods-TogetherStream.debug.xcconfig */ = {isa = PBXFileReference; includeInIndex = 1; lastKnownFileType = text.xcconfig; name = "Pods-TogetherStream.debug.xcconfig"; path = "Pods/Target Support Files/Pods-TogetherStream/Pods-TogetherStream.debug.xcconfig"; sourceTree = "<group>"; };
		3401B4311E2EDDB9005ACB96 /* ChatTextFieldAccessoryView.swift */ = {isa = PBXFileReference; fileEncoding = 4; lastKnownFileType = sourcecode.swift; path = ChatTextFieldAccessoryView.swift; sourceTree = "<group>"; };
		3401B4331E2EDDCF005ACB96 /* ChatTextFieldAccessoryView.xib */ = {isa = PBXFileReference; fileEncoding = 4; lastKnownFileType = file.xib; path = ChatTextFieldAccessoryView.xib; sourceTree = "<group>"; };
		3401B4371E2F0C75005ACB96 /* UITableViewExtension.swift */ = {isa = PBXFileReference; fileEncoding = 4; lastKnownFileType = sourcecode.swift; path = UITableViewExtension.swift; sourceTree = "<group>"; };
		3401B4391E2F1FF1005ACB96 /* ChatMessageTableViewCell.xib */ = {isa = PBXFileReference; fileEncoding = 4; lastKnownFileType = file.xib; path = ChatMessageTableViewCell.xib; sourceTree = "<group>"; };
		3401B43B1E2F2C61005ACB96 /* ChatEventTableViewCell.swift */ = {isa = PBXFileReference; fileEncoding = 4; lastKnownFileType = sourcecode.swift; path = ChatEventTableViewCell.swift; sourceTree = "<group>"; };
		3401B43C1E2F2C61005ACB96 /* ChatEventTableViewCell.xib */ = {isa = PBXFileReference; fileEncoding = 4; lastKnownFileType = file.xib; path = ChatEventTableViewCell.xib; sourceTree = "<group>"; };
		3419A1F71DF8837E00A11D53 /* NameStreamViewController.swift */ = {isa = PBXFileReference; fileEncoding = 4; lastKnownFileType = sourcecode.swift; path = NameStreamViewController.swift; sourceTree = "<group>"; };
		3419A1F91DF8839100A11D53 /* InviteStreamViewController.swift */ = {isa = PBXFileReference; fileEncoding = 4; lastKnownFileType = sourcecode.swift; path = InviteStreamViewController.swift; sourceTree = "<group>"; };
		3419A1FB1DF883AF00A11D53 /* MainNavigationController.swift */ = {isa = PBXFileReference; fileEncoding = 4; lastKnownFileType = sourcecode.swift; path = MainNavigationController.swift; sourceTree = "<group>"; };
		34AB45871E259A63000730DC /* Login.storyboard */ = {isa = PBXFileReference; fileEncoding = 4; lastKnownFileType = file.storyboard; path = Login.storyboard; sourceTree = "<group>"; };
		34AB45891E259B67000730DC /* Profile.storyboard */ = {isa = PBXFileReference; fileEncoding = 4; lastKnownFileType = file.storyboard; path = Profile.storyboard; sourceTree = "<group>"; };
		34AB458B1E259BDD000730DC /* NameStream.storyboard */ = {isa = PBXFileReference; fileEncoding = 4; lastKnownFileType = file.storyboard; path = NameStream.storyboard; sourceTree = "<group>"; };
		34AB458D1E259BFE000730DC /* InviteStream.storyboard */ = {isa = PBXFileReference; fileEncoding = 4; lastKnownFileType = file.storyboard; path = InviteStream.storyboard; sourceTree = "<group>"; };
		34AB458F1E259C15000730DC /* Stream.storyboard */ = {isa = PBXFileReference; fileEncoding = 4; lastKnownFileType = file.storyboard; path = Stream.storyboard; sourceTree = "<group>"; };
		34AB45911E259C29000730DC /* AddVideos.storyboard */ = {isa = PBXFileReference; fileEncoding = 4; lastKnownFileType = file.storyboard; path = AddVideos.storyboard; sourceTree = "<group>"; };
		34AD4BE51E20400E00210F61 /* LICENSE.txt */ = {isa = PBXFileReference; fileEncoding = 4; lastKnownFileType = text; path = LICENSE.txt; sourceTree = "<group>"; };
		34AD4BE61E20400E00210F61 /* OpenSans-Bold.ttf */ = {isa = PBXFileReference; lastKnownFileType = file; path = "OpenSans-Bold.ttf"; sourceTree = "<group>"; };
		34AD4BE71E20400E00210F61 /* OpenSans-BoldItalic.ttf */ = {isa = PBXFileReference; lastKnownFileType = file; path = "OpenSans-BoldItalic.ttf"; sourceTree = "<group>"; };
		34AD4BE81E20400E00210F61 /* OpenSans-ExtraBold.ttf */ = {isa = PBXFileReference; lastKnownFileType = file; path = "OpenSans-ExtraBold.ttf"; sourceTree = "<group>"; };
		34AD4BE91E20400E00210F61 /* OpenSans-ExtraBoldItalic.ttf */ = {isa = PBXFileReference; lastKnownFileType = file; path = "OpenSans-ExtraBoldItalic.ttf"; sourceTree = "<group>"; };
		34AD4BEA1E20400E00210F61 /* OpenSans-Italic.ttf */ = {isa = PBXFileReference; lastKnownFileType = file; path = "OpenSans-Italic.ttf"; sourceTree = "<group>"; };
		34AD4BEB1E20400E00210F61 /* OpenSans-Light.ttf */ = {isa = PBXFileReference; lastKnownFileType = file; path = "OpenSans-Light.ttf"; sourceTree = "<group>"; };
		34AD4BEC1E20400E00210F61 /* OpenSans-LightItalic.ttf */ = {isa = PBXFileReference; lastKnownFileType = file; path = "OpenSans-LightItalic.ttf"; sourceTree = "<group>"; };
		34AD4BED1E20400E00210F61 /* OpenSans-Regular.ttf */ = {isa = PBXFileReference; lastKnownFileType = file; path = "OpenSans-Regular.ttf"; sourceTree = "<group>"; };
		34AD4BEE1E20400E00210F61 /* OpenSans-Semibold.ttf */ = {isa = PBXFileReference; lastKnownFileType = file; path = "OpenSans-Semibold.ttf"; sourceTree = "<group>"; };
		34AD4BEF1E20400E00210F61 /* OpenSans-SemiboldItalic.ttf */ = {isa = PBXFileReference; lastKnownFileType = file; path = "OpenSans-SemiboldItalic.ttf"; sourceTree = "<group>"; };
		34AD4BF11E20400E00210F61 /* OFL.txt */ = {isa = PBXFileReference; fileEncoding = 4; lastKnownFileType = text; path = OFL.txt; sourceTree = "<group>"; };
		34AD4BF21E20400E00210F61 /* WorkSans-Black.ttf */ = {isa = PBXFileReference; lastKnownFileType = file; path = "WorkSans-Black.ttf"; sourceTree = "<group>"; };
		34AD4BF31E20400E00210F61 /* WorkSans-Bold.ttf */ = {isa = PBXFileReference; lastKnownFileType = file; path = "WorkSans-Bold.ttf"; sourceTree = "<group>"; };
		34AD4BF41E20400E00210F61 /* WorkSans-ExtraBold.ttf */ = {isa = PBXFileReference; lastKnownFileType = file; path = "WorkSans-ExtraBold.ttf"; sourceTree = "<group>"; };
		34AD4BF51E20400E00210F61 /* WorkSans-ExtraLight.ttf */ = {isa = PBXFileReference; lastKnownFileType = file; path = "WorkSans-ExtraLight.ttf"; sourceTree = "<group>"; };
		34AD4BF61E20400E00210F61 /* WorkSans-Light.ttf */ = {isa = PBXFileReference; lastKnownFileType = file; path = "WorkSans-Light.ttf"; sourceTree = "<group>"; };
		34AD4BF71E20400E00210F61 /* WorkSans-Medium.ttf */ = {isa = PBXFileReference; lastKnownFileType = file; path = "WorkSans-Medium.ttf"; sourceTree = "<group>"; };
		34AD4BF81E20400E00210F61 /* WorkSans-Regular.ttf */ = {isa = PBXFileReference; lastKnownFileType = file; path = "WorkSans-Regular.ttf"; sourceTree = "<group>"; };
		34AD4BF91E20400E00210F61 /* WorkSans-SemiBold.ttf */ = {isa = PBXFileReference; lastKnownFileType = file; path = "WorkSans-SemiBold.ttf"; sourceTree = "<group>"; };
		34AD4BFA1E20400E00210F61 /* WorkSans-Thin.ttf */ = {isa = PBXFileReference; lastKnownFileType = file; path = "WorkSans-Thin.ttf"; sourceTree = "<group>"; };
		34C6E52E1DF21B8600EB4972 /* Info.plist */ = {isa = PBXFileReference; fileEncoding = 4; lastKnownFileType = text.plist.xml; path = Info.plist; sourceTree = "<group>"; };
		34C6E5301DF21BAD00EB4972 /* private.plist */ = {isa = PBXFileReference; fileEncoding = 4; lastKnownFileType = text.plist.xml; path = private.plist; sourceTree = "<group>"; };
		34C6E5321DF23D4600EB4972 /* StreamViewController.swift */ = {isa = PBXFileReference; fileEncoding = 4; lastKnownFileType = sourcecode.swift; lineEnding = 0; path = StreamViewController.swift; sourceTree = "<group>"; xcLanguageSpecificationIdentifier = xcode.lang.swift; };
		34C6E5341DF23DBC00EB4972 /* HomeViewController.swift */ = {isa = PBXFileReference; fileEncoding = 4; lastKnownFileType = sourcecode.swift; path = HomeViewController.swift; sourceTree = "<group>"; };
		34C6E5351DF23DBC00EB4972 /* LoginViewController.swift */ = {isa = PBXFileReference; fileEncoding = 4; lastKnownFileType = sourcecode.swift; path = LoginViewController.swift; sourceTree = "<group>"; };
		34C6E5361DF23DBC00EB4972 /* ProfileViewController.swift */ = {isa = PBXFileReference; fileEncoding = 4; lastKnownFileType = sourcecode.swift; path = ProfileViewController.swift; sourceTree = "<group>"; };
		34DA46AF1DE61FC600E989A9 /* TogetherStream.app */ = {isa = PBXFileReference; explicitFileType = wrapper.application; includeInIndex = 0; path = TogetherStream.app; sourceTree = BUILT_PRODUCTS_DIR; };
		34DA46B21DE61FC600E989A9 /* AppDelegate.swift */ = {isa = PBXFileReference; lastKnownFileType = sourcecode.swift; path = AppDelegate.swift; sourceTree = "<group>"; };
		34DA46B91DE61FC600E989A9 /* Assets.xcassets */ = {isa = PBXFileReference; lastKnownFileType = folder.assetcatalog; path = Assets.xcassets; sourceTree = "<group>"; };
		34DA46C31DE61FC600E989A9 /* TogetherStreamTests.xctest */ = {isa = PBXFileReference; explicitFileType = wrapper.cfbundle; includeInIndex = 0; path = TogetherStreamTests.xctest; sourceTree = BUILT_PRODUCTS_DIR; };
		34DA46C71DE61FC600E989A9 /* TogetherStreamTests.swift */ = {isa = PBXFileReference; lastKnownFileType = sourcecode.swift; path = TogetherStreamTests.swift; sourceTree = "<group>"; };
		34DA46C91DE61FC600E989A9 /* Info.plist */ = {isa = PBXFileReference; lastKnownFileType = text.plist.xml; path = Info.plist; sourceTree = "<group>"; };
		34DA46CE1DE61FC600E989A9 /* TogetherStreamUITests.xctest */ = {isa = PBXFileReference; explicitFileType = wrapper.cfbundle; includeInIndex = 0; path = TogetherStreamUITests.xctest; sourceTree = BUILT_PRODUCTS_DIR; };
		34DA46D21DE61FC600E989A9 /* TogetherStreamUITests.swift */ = {isa = PBXFileReference; lastKnownFileType = sourcecode.swift; path = TogetherStreamUITests.swift; sourceTree = "<group>"; };
		34DA46D41DE61FC600E989A9 /* Info.plist */ = {isa = PBXFileReference; lastKnownFileType = text.plist.xml; path = Info.plist; sourceTree = "<group>"; };
		34DA46EA1DECA2E500E989A9 /* UIViewControllerExtension.swift */ = {isa = PBXFileReference; fileEncoding = 4; lastKnownFileType = sourcecode.swift; path = UIViewControllerExtension.swift; sourceTree = "<group>"; };
		34DA46EB1DECA2E500E989A9 /* UIViewExtensions.swift */ = {isa = PBXFileReference; fileEncoding = 4; lastKnownFileType = sourcecode.swift; path = UIViewExtensions.swift; sourceTree = "<group>"; };
		34DA47071DECA2E500E989A9 /* Utils.swift */ = {isa = PBXFileReference; fileEncoding = 4; lastKnownFileType = sourcecode.swift; path = Utils.swift; sourceTree = "<group>"; };
		34DA472D1DECA31300E989A9 /* LaunchScreen.storyboard */ = {isa = PBXFileReference; fileEncoding = 4; lastKnownFileType = file.storyboard; path = LaunchScreen.storyboard; sourceTree = "<group>"; };
		34DA472E1DECA31300E989A9 /* Main.storyboard */ = {isa = PBXFileReference; fileEncoding = 4; lastKnownFileType = file.storyboard; path = Main.storyboard; sourceTree = "<group>"; };
		34E57BE51DFB0B6800C8BAEA /* AddVideosViewController.swift */ = {isa = PBXFileReference; fileEncoding = 4; lastKnownFileType = sourcecode.swift; path = AddVideosViewController.swift; sourceTree = "<group>"; };
		37917D07A5AEC17F58EF4518 /* Pods-TogetherStreamTests.release.xcconfig */ = {isa = PBXFileReference; includeInIndex = 1; lastKnownFileType = text.xcconfig; name = "Pods-TogetherStreamTests.release.xcconfig"; path = "Pods/Target Support Files/Pods-TogetherStreamTests/Pods-TogetherStreamTests.release.xcconfig"; sourceTree = "<group>"; };
		3A3ADEE4F2D8BEFDAC18C786 /* Pods-TogetherStreamUITests.debug.xcconfig */ = {isa = PBXFileReference; includeInIndex = 1; lastKnownFileType = text.xcconfig; name = "Pods-TogetherStreamUITests.debug.xcconfig"; path = "Pods/Target Support Files/Pods-TogetherStreamUITests/Pods-TogetherStreamUITests.debug.xcconfig"; sourceTree = "<group>"; };
		412356E7EC8D679DE34256ED /* Pods-TogetherStreamUITests.release.xcconfig */ = {isa = PBXFileReference; includeInIndex = 1; lastKnownFileType = text.xcconfig; name = "Pods-TogetherStreamUITests.release.xcconfig"; path = "Pods/Target Support Files/Pods-TogetherStreamUITests/Pods-TogetherStreamUITests.release.xcconfig"; sourceTree = "<group>"; };
		4A240FBA1E2D8CF600DCD418 /* FriendTableViewCell.swift */ = {isa = PBXFileReference; fileEncoding = 4; lastKnownFileType = sourcecode.swift; path = FriendTableViewCell.swift; sourceTree = "<group>"; };
		4A240FBB1E2D8CF600DCD418 /* FriendTableViewCell.xib */ = {isa = PBXFileReference; fileEncoding = 4; lastKnownFileType = file.xib; path = FriendTableViewCell.xib; sourceTree = "<group>"; };
		4A240FBE1E2EC57600DCD418 /* InviteFriendsHeaderTableViewCell.swift */ = {isa = PBXFileReference; fileEncoding = 4; lastKnownFileType = sourcecode.swift; path = InviteFriendsHeaderTableViewCell.swift; sourceTree = "<group>"; };
		4A240FBF1E2EC57600DCD418 /* InviteFriendsHeaderTableViewCell.xib */ = {isa = PBXFileReference; fileEncoding = 4; lastKnownFileType = file.xib; path = InviteFriendsHeaderTableViewCell.xib; sourceTree = "<group>"; };
		4ABA7DD11E3948B80059CA1F /* InviteStreamViewModel.swift */ = {isa = PBXFileReference; fileEncoding = 4; lastKnownFileType = sourcecode.swift; path = InviteStreamViewModel.swift; sourceTree = "<group>"; };
		4AD6F7BA1E2D3755006104CF /* TextEmailTableViewCell.swift */ = {isa = PBXFileReference; fileEncoding = 4; lastKnownFileType = sourcecode.swift; path = TextEmailTableViewCell.swift; sourceTree = "<group>"; };
		4AD6F7BB1E2D3755006104CF /* TextEmailTableViewCell.xib */ = {isa = PBXFileReference; fileEncoding = 4; lastKnownFileType = file.xib; path = TextEmailTableViewCell.xib; sourceTree = "<group>"; };
		53540351F8E16A64AC80305B /* Pods-StormtrooperUITests.debug.xcconfig */ = {isa = PBXFileReference; includeInIndex = 1; lastKnownFileType = text.xcconfig; name = "Pods-StormtrooperUITests.debug.xcconfig"; path = "Pods/Target Support Files/Pods-StormtrooperUITests/Pods-StormtrooperUITests.debug.xcconfig"; sourceTree = "<group>"; };
		6898A7861E44015B000C58F5 /* AboutViewController.swift */ = {isa = PBXFileReference; fileEncoding = 4; lastKnownFileType = sourcecode.swift; path = AboutViewController.swift; sourceTree = "<group>"; };
		68991ECD1E411F7F00F5B4A0 /* ProfileTableViewCell.swift */ = {isa = PBXFileReference; fileEncoding = 4; lastKnownFileType = sourcecode.swift; path = ProfileTableViewCell.swift; sourceTree = "<group>"; };
		68991ECE1E411F7F00F5B4A0 /* ProfileTableViewCell.xib */ = {isa = PBXFileReference; fileEncoding = 4; lastKnownFileType = file.xib; path = ProfileTableViewCell.xib; sourceTree = "<group>"; };
		689A111D1E2FF35200B87DEF /* Popup.storyboard */ = {isa = PBXFileReference; fileEncoding = 4; lastKnownFileType = file.storyboard; path = Popup.storyboard; sourceTree = "<group>"; };
		689A111F1E2FFF3900B87DEF /* PopupViewController.swift */ = {isa = PBXFileReference; fileEncoding = 4; lastKnownFileType = sourcecode.swift; path = PopupViewController.swift; sourceTree = "<group>"; };
		753248237D2956AB73628500 /* Pods-Stormtrooper.release.xcconfig */ = {isa = PBXFileReference; includeInIndex = 1; lastKnownFileType = text.xcconfig; name = "Pods-Stormtrooper.release.xcconfig"; path = "Pods/Target Support Files/Pods-Stormtrooper/Pods-Stormtrooper.release.xcconfig"; sourceTree = "<group>"; };
		9D347DC144B6BDAA4A91BD74 /* Pods-StormtrooperUITests.release.xcconfig */ = {isa = PBXFileReference; includeInIndex = 1; lastKnownFileType = text.xcconfig; name = "Pods-StormtrooperUITests.release.xcconfig"; path = "Pods/Target Support Files/Pods-StormtrooperUITests/Pods-StormtrooperUITests.release.xcconfig"; sourceTree = "<group>"; };
		9EFF70948471E4709B39FE4E /* Pods-TogetherStreamTests.debug.xcconfig */ = {isa = PBXFileReference; includeInIndex = 1; lastKnownFileType = text.xcconfig; name = "Pods-TogetherStreamTests.debug.xcconfig"; path = "Pods/Target Support Files/Pods-TogetherStreamTests/Pods-TogetherStreamTests.debug.xcconfig"; sourceTree = "<group>"; };
		A20B113F1E6F1B54003A49ED /* LicenseAgreementViewController.swift */ = {isa = PBXFileReference; fileEncoding = 4; lastKnownFileType = sourcecode.swift; path = LicenseAgreementViewController.swift; sourceTree = "<group>"; };
		A20B11791E71C23C003A49ED /* GoogleService-Info.plist */ = {isa = PBXFileReference; fileEncoding = 4; lastKnownFileType = text.plist.xml; path = "GoogleService-Info.plist"; sourceTree = "<group>"; };
		A23377A81E01DDD500E43DA0 /* HeartbeatDataManager.swift */ = {isa = PBXFileReference; fileEncoding = 4; lastKnownFileType = sourcecode.swift; lineEnding = 0; path = HeartbeatDataManager.swift; sourceTree = "<group>"; xcLanguageSpecificationIdentifier = xcode.lang.swift; };
		A2483D431E3BB6AE007E92DD /* VideoQueueTableViewCell.swift */ = {isa = PBXFileReference; fileEncoding = 4; lastKnownFileType = sourcecode.swift; path = VideoQueueTableViewCell.swift; sourceTree = "<group>"; };
		A2483D441E3BB6AE007E92DD /* VideoQueueTableViewCell.xib */ = {isa = PBXFileReference; fileEncoding = 4; lastKnownFileType = file.xib; path = VideoQueueTableViewCell.xib; sourceTree = "<group>"; };
		A24A2FE31E85B251003A0CD1 /* ParticipantTableViewController.swift */ = {isa = PBXFileReference; fileEncoding = 4; lastKnownFileType = sourcecode.swift; path = ParticipantTableViewController.swift; sourceTree = "<group>"; };
		A24A2FE51E85C13C003A0CD1 /* ParticipantHeaderView.swift */ = {isa = PBXFileReference; fileEncoding = 4; lastKnownFileType = sourcecode.swift; path = ParticipantHeaderView.swift; sourceTree = "<group>"; };
		A24A2FE71E85C14D003A0CD1 /* ParticipantHeaderView.xib */ = {isa = PBXFileReference; fileEncoding = 4; lastKnownFileType = file.xib; path = ParticipantHeaderView.xib; sourceTree = "<group>"; };
		A25D961F1E0341A3008FD996 /* ChatDataManager.swift */ = {isa = PBXFileReference; fileEncoding = 4; lastKnownFileType = sourcecode.swift; lineEnding = 0; path = ChatDataManager.swift; sourceTree = "<group>"; xcLanguageSpecificationIdentifier = xcode.lang.swift; };
		A25D96211E0344B3008FD996 /* ChatMessage.swift */ = {isa = PBXFileReference; fileEncoding = 4; lastKnownFileType = sourcecode.swift; path = ChatMessage.swift; sourceTree = "<group>"; };
		A25D96231E0B16BA008FD996 /* StreamViewModel.swift */ = {isa = PBXFileReference; fileEncoding = 4; lastKnownFileType = sourcecode.swift; lineEnding = 0; name = StreamViewModel.swift; path = ../Controllers/StreamViewModel.swift; sourceTree = "<group>"; xcLanguageSpecificationIdentifier = xcode.lang.swift; };
		A25D96251E1D55E9008FD996 /* Stream.swift */ = {isa = PBXFileReference; fileEncoding = 4; lastKnownFileType = sourcecode.swift; path = Stream.swift; sourceTree = "<group>"; };
		A25D96271E1D6964008FD996 /* ChatMessageTableViewCell.swift */ = {isa = PBXFileReference; fileEncoding = 4; lastKnownFileType = sourcecode.swift; path = ChatMessageTableViewCell.swift; sourceTree = "<group>"; };
		A25D96291E1D92EB008FD996 /* StreamTableViewCell.swift */ = {isa = PBXFileReference; fileEncoding = 4; lastKnownFileType = sourcecode.swift; path = StreamTableViewCell.swift; sourceTree = "<group>"; };
		A25D962B1E1D965A008FD996 /* HomeViewModel.swift */ = {isa = PBXFileReference; fileEncoding = 4; lastKnownFileType = sourcecode.swift; path = HomeViewModel.swift; sourceTree = "<group>"; };
		A29D11011DF5FC4E00FA0EEC /* AccountDataManager.swift */ = {isa = PBXFileReference; fileEncoding = 4; lastKnownFileType = sourcecode.swift; lineEnding = 0; path = AccountDataManager.swift; sourceTree = "<group>"; xcLanguageSpecificationIdentifier = xcode.lang.swift; };
		A29D11031DF8B30D00FA0EEC /* User.swift */ = {isa = PBXFileReference; fileEncoding = 4; lastKnownFileType = sourcecode.swift; path = User.swift; sourceTree = "<group>"; };
		A2A436051DFA04C7008C2FB2 /* CSyncSDK.framework */ = {isa = PBXFileReference; lastKnownFileType = wrapper.framework; name = CSyncSDK.framework; path = Carthage/Build/iOS/CSyncSDK.framework; sourceTree = "<group>"; };
		A2A436061DFA04C7008C2FB2 /* SQLite.framework */ = {isa = PBXFileReference; lastKnownFileType = wrapper.framework; name = SQLite.framework; path = Carthage/Build/iOS/SQLite.framework; sourceTree = "<group>"; };
		A2A436071DFA04C7008C2FB2 /* SwiftWebSocket.framework */ = {isa = PBXFileReference; lastKnownFileType = wrapper.framework; name = SwiftWebSocket.framework; path = Carthage/Build/iOS/SwiftWebSocket.framework; sourceTree = "<group>"; };
		A2A4360C1DFB2421008C2FB2 /* FacebookDataManager.swift */ = {isa = PBXFileReference; fileEncoding = 4; lastKnownFileType = sourcecode.swift; path = FacebookDataManager.swift; sourceTree = "<group>"; };
		A2A4360E1DFB24CE008C2FB2 /* ServerError.swift */ = {isa = PBXFileReference; fileEncoding = 4; lastKnownFileType = sourcecode.swift; path = ServerError.swift; sourceTree = "<group>"; };
		A2A436101DFB3D7F008C2FB2 /* CSyncDataManager.swift */ = {isa = PBXFileReference; fileEncoding = 4; lastKnownFileType = sourcecode.swift; path = CSyncDataManager.swift; sourceTree = "<group>"; };
		A2AF79F11E64AA0200796C9B /* InviteCodeTableViewCell.swift */ = {isa = PBXFileReference; fileEncoding = 4; lastKnownFileType = sourcecode.swift; path = InviteCodeTableViewCell.swift; sourceTree = "<group>"; };
		A2AF79F21E64AA0200796C9B /* InviteCodeTableViewCell.xib */ = {isa = PBXFileReference; fileEncoding = 4; lastKnownFileType = file.xib; path = InviteCodeTableViewCell.xib; sourceTree = "<group>"; };
		A2B2B8511E82FAAE006EA959 /* Duration.swift */ = {isa = PBXFileReference; fileEncoding = 4; lastKnownFileType = sourcecode.swift; path = Duration.swift; sourceTree = "<group>"; };
		A2B2B8531E830E58006EA959 /* String.swift */ = {isa = PBXFileReference; fileEncoding = 4; lastKnownFileType = sourcecode.swift; path = String.swift; sourceTree = "<group>"; };
		A2B2B8551E841681006EA959 /* EndStreamsTableViewCell.swift */ = {isa = PBXFileReference; fileEncoding = 4; lastKnownFileType = sourcecode.swift; path = EndStreamsTableViewCell.swift; sourceTree = "<group>"; };
		A2B2B8561E841681006EA959 /* EndStreamsTableViewCell.xib */ = {isa = PBXFileReference; fileEncoding = 4; lastKnownFileType = file.xib; path = EndStreamsTableViewCell.xib; sourceTree = "<group>"; };
		A2C1BD7C1E23EE6C00F515E7 /* ParticipantMessage.swift */ = {isa = PBXFileReference; fileEncoding = 4; lastKnownFileType = sourcecode.swift; path = ParticipantMessage.swift; sourceTree = "<group>"; };
		A2C1BD7E1E23FA9400F515E7 /* Message.swift */ = {isa = PBXFileReference; fileEncoding = 4; lastKnownFileType = sourcecode.swift; path = Message.swift; sourceTree = "<group>"; };
		A2C1BD801E24024800F515E7 /* ParticipantsDataManager.swift */ = {isa = PBXFileReference; fileEncoding = 4; lastKnownFileType = sourcecode.swift; lineEnding = 0; path = ParticipantsDataManager.swift; sourceTree = "<group>"; xcLanguageSpecificationIdentifier = xcode.lang.swift; };
		A2CC53FD1E8950C00083E1CD /* ParticipantTableViewCell.swift */ = {isa = PBXFileReference; fileEncoding = 4; lastKnownFileType = sourcecode.swift; path = ParticipantTableViewCell.swift; sourceTree = "<group>"; };
		A2CC53FE1E8950C00083E1CD /* ParticipantTableViewCell.xib */ = {isa = PBXFileReference; fileEncoding = 4; lastKnownFileType = file.xib; path = ParticipantTableViewCell.xib; sourceTree = "<group>"; };
		A2D44DAB1E253D4C00053099 /* YouTubeDataManager.swift */ = {isa = PBXFileReference; fileEncoding = 4; lastKnownFileType = sourcecode.swift; lineEnding = 0; path = YouTubeDataManager.swift; sourceTree = "<group>"; xcLanguageSpecificationIdentifier = xcode.lang.swift; };
		A2D44DAD1E25739300053099 /* AddVideosViewModel.swift */ = {isa = PBXFileReference; fileEncoding = 4; lastKnownFileType = sourcecode.swift; path = AddVideosViewModel.swift; sourceTree = "<group>"; };
		A2D44DAF1E25754C00053099 /* Video.swift */ = {isa = PBXFileReference; fileEncoding = 4; lastKnownFileType = sourcecode.swift; path = Video.swift; sourceTree = "<group>"; };
		A2D44DB31E2FF4E300053099 /* UIColor.swift */ = {isa = PBXFileReference; fileEncoding = 4; lastKnownFileType = sourcecode.swift; path = UIColor.swift; sourceTree = "<group>"; };
		A2D44DB91E301E9400053099 /* NoStreamsTableViewCell.swift */ = {isa = PBXFileReference; fileEncoding = 4; lastKnownFileType = sourcecode.swift; path = NoStreamsTableViewCell.swift; sourceTree = "<group>"; };
		A2D44DBB1E30225500053099 /* StreamTableViewCell.xib */ = {isa = PBXFileReference; fileEncoding = 4; lastKnownFileType = file.xib; path = StreamTableViewCell.xib; sourceTree = "<group>"; };
		A2D44DBD1E3024DC00053099 /* NoStreamsTableViewCell.xib */ = {isa = PBXFileReference; fileEncoding = 4; lastKnownFileType = file.xib; path = NoStreamsTableViewCell.xib; sourceTree = "<group>"; };
		A2D44DBF1E32B15900053099 /* SearchResultTableViewCell.swift */ = {isa = PBXFileReference; fileEncoding = 4; lastKnownFileType = sourcecode.swift; path = SearchResultTableViewCell.swift; sourceTree = "<group>"; };
		A2D44DC01E32B15900053099 /* SearchResultTableViewCell.xib */ = {isa = PBXFileReference; fileEncoding = 4; lastKnownFileType = file.xib; path = SearchResultTableViewCell.xib; sourceTree = "<group>"; };
		A2D44DC31E33E99900053099 /* SearchResultHeaderView.swift */ = {isa = PBXFileReference; fileEncoding = 4; lastKnownFileType = sourcecode.swift; path = SearchResultHeaderView.swift; sourceTree = "<group>"; };
		A2D44DC51E33E9A600053099 /* SearchResultHeaderView.xib */ = {isa = PBXFileReference; fileEncoding = 4; lastKnownFileType = file.xib; path = SearchResultHeaderView.xib; sourceTree = "<group>"; };
		A2D44DC91E36ACEE00053099 /* NextBannerView.xib */ = {isa = PBXFileReference; fileEncoding = 4; lastKnownFileType = file.xib; path = NextBannerView.xib; sourceTree = "<group>"; };
		A2D44DCB1E36AE2700053099 /* NextBannerView.swift */ = {isa = PBXFileReference; fileEncoding = 4; lastKnownFileType = sourcecode.swift; path = NextBannerView.swift; sourceTree = "<group>"; };
		A2DB6A041E490477006845FB /* TogetherStream-Bridging-Header.h */ = {isa = PBXFileReference; lastKnownFileType = sourcecode.c.h; path = "TogetherStream-Bridging-Header.h"; sourceTree = "<group>"; };
		A2F714781DF1FECC00BC7335 /* TogetherStream.entitlements */ = {isa = PBXFileReference; lastKnownFileType = text.plist.entitlements; path = TogetherStream.entitlements; sourceTree = "<group>"; };
		A2F95F7B1E380AE300E41C58 /* ThreadSafeCallbackQueue.swift */ = {isa = PBXFileReference; fileEncoding = 4; lastKnownFileType = sourcecode.swift; path = ThreadSafeCallbackQueue.swift; sourceTree = "<group>"; };
		C44B78CB5453E74E31F7775A /* Pods-StormtrooperTests.debug.xcconfig */ = {isa = PBXFileReference; includeInIndex = 1; lastKnownFileType = text.xcconfig; name = "Pods-StormtrooperTests.debug.xcconfig"; path = "Pods/Target Support Files/Pods-StormtrooperTests/Pods-StormtrooperTests.debug.xcconfig"; sourceTree = "<group>"; };
		DB2C684AFE99FF3E0F90657B /* Pods-StormtrooperTests.release.xcconfig */ = {isa = PBXFileReference; includeInIndex = 1; lastKnownFileType = text.xcconfig; name = "Pods-StormtrooperTests.release.xcconfig"; path = "Pods/Target Support Files/Pods-StormtrooperTests/Pods-StormtrooperTests.release.xcconfig"; sourceTree = "<group>"; };
		F732244D81D2364C6F8AF257 /* Pods_TogetherStreamTests.framework */ = {isa = PBXFileReference; explicitFileType = wrapper.framework; includeInIndex = 0; path = Pods_TogetherStreamTests.framework; sourceTree = BUILT_PRODUCTS_DIR; };
		FDADB9ADEF263CF78FD0D05A /* Pods-Stormtrooper.debug.xcconfig */ = {isa = PBXFileReference; includeInIndex = 1; lastKnownFileType = text.xcconfig; name = "Pods-Stormtrooper.debug.xcconfig"; path = "Pods/Target Support Files/Pods-Stormtrooper/Pods-Stormtrooper.debug.xcconfig"; sourceTree = "<group>"; };
/* End PBXFileReference section */

/* Begin PBXFrameworksBuildPhase section */
		34DA46AC1DE61FC600E989A9 /* Frameworks */ = {
			isa = PBXFrameworksBuildPhase;
			buildActionMask = 2147483647;
			files = (
				A2A436081DFA04C7008C2FB2 /* CSyncSDK.framework in Frameworks */,
				A2A436091DFA04C7008C2FB2 /* SQLite.framework in Frameworks */,
				A2A4360A1DFA04C7008C2FB2 /* SwiftWebSocket.framework in Frameworks */,
				D9A476B54A6F55293E78F7A6 /* Pods_TogetherStream.framework in Frameworks */,
			);
			runOnlyForDeploymentPostprocessing = 0;
		};
		34DA46C01DE61FC600E989A9 /* Frameworks */ = {
			isa = PBXFrameworksBuildPhase;
			buildActionMask = 2147483647;
			files = (
				05B9BBCCCE9C396455CE9C12 /* Pods_TogetherStreamTests.framework in Frameworks */,
			);
			runOnlyForDeploymentPostprocessing = 0;
		};
		34DA46CB1DE61FC600E989A9 /* Frameworks */ = {
			isa = PBXFrameworksBuildPhase;
			buildActionMask = 2147483647;
			files = (
				832ED16E7142946E401F004B /* Pods_TogetherStreamUITests.framework in Frameworks */,
			);
			runOnlyForDeploymentPostprocessing = 0;
		};
/* End PBXFrameworksBuildPhase section */

/* Begin PBXGroup section */
		1FB6C0218462DDA3782E2EAD /* Pods */ = {
			isa = PBXGroup;
			children = (
				FDADB9ADEF263CF78FD0D05A /* Pods-Stormtrooper.debug.xcconfig */,
				753248237D2956AB73628500 /* Pods-Stormtrooper.release.xcconfig */,
				C44B78CB5453E74E31F7775A /* Pods-StormtrooperTests.debug.xcconfig */,
				DB2C684AFE99FF3E0F90657B /* Pods-StormtrooperTests.release.xcconfig */,
				53540351F8E16A64AC80305B /* Pods-StormtrooperUITests.debug.xcconfig */,
				9D347DC144B6BDAA4A91BD74 /* Pods-StormtrooperUITests.release.xcconfig */,
				26C1EFB16234FDE318ED304E /* Pods-TogetherStream.debug.xcconfig */,
				19316B70FD384C6448178433 /* Pods-TogetherStream.release.xcconfig */,
				9EFF70948471E4709B39FE4E /* Pods-TogetherStreamTests.debug.xcconfig */,
				37917D07A5AEC17F58EF4518 /* Pods-TogetherStreamTests.release.xcconfig */,
				3A3ADEE4F2D8BEFDAC18C786 /* Pods-TogetherStreamUITests.debug.xcconfig */,
				412356E7EC8D679DE34256ED /* Pods-TogetherStreamUITests.release.xcconfig */,
			);
			name = Pods;
			sourceTree = "<group>";
		};
		34AD4BB61E203CE800210F61 /* Resources */ = {
			isa = PBXGroup;
			children = (
				34AD4BE31E20400E00210F61 /* Fonts */,
			);
			path = Resources;
			sourceTree = "<group>";
		};
		34AD4BE31E20400E00210F61 /* Fonts */ = {
			isa = PBXGroup;
			children = (
				34AD4BE41E20400E00210F61 /* Open_Sans-1 */,
				34AD4BF01E20400E00210F61 /* Work_Sans */,
			);
			path = Fonts;
			sourceTree = "<group>";
		};
		34AD4BE41E20400E00210F61 /* Open_Sans-1 */ = {
			isa = PBXGroup;
			children = (
				34AD4BE51E20400E00210F61 /* LICENSE.txt */,
				34AD4BE61E20400E00210F61 /* OpenSans-Bold.ttf */,
				34AD4BE71E20400E00210F61 /* OpenSans-BoldItalic.ttf */,
				34AD4BE81E20400E00210F61 /* OpenSans-ExtraBold.ttf */,
				34AD4BE91E20400E00210F61 /* OpenSans-ExtraBoldItalic.ttf */,
				34AD4BEA1E20400E00210F61 /* OpenSans-Italic.ttf */,
				34AD4BEB1E20400E00210F61 /* OpenSans-Light.ttf */,
				34AD4BEC1E20400E00210F61 /* OpenSans-LightItalic.ttf */,
				34AD4BED1E20400E00210F61 /* OpenSans-Regular.ttf */,
				34AD4BEE1E20400E00210F61 /* OpenSans-Semibold.ttf */,
				34AD4BEF1E20400E00210F61 /* OpenSans-SemiboldItalic.ttf */,
			);
			path = "Open_Sans-1";
			sourceTree = "<group>";
		};
		34AD4BF01E20400E00210F61 /* Work_Sans */ = {
			isa = PBXGroup;
			children = (
				34AD4BF11E20400E00210F61 /* OFL.txt */,
				34AD4BF21E20400E00210F61 /* WorkSans-Black.ttf */,
				34AD4BF31E20400E00210F61 /* WorkSans-Bold.ttf */,
				34AD4BF41E20400E00210F61 /* WorkSans-ExtraBold.ttf */,
				34AD4BF51E20400E00210F61 /* WorkSans-ExtraLight.ttf */,
				34AD4BF61E20400E00210F61 /* WorkSans-Light.ttf */,
				34AD4BF71E20400E00210F61 /* WorkSans-Medium.ttf */,
				34AD4BF81E20400E00210F61 /* WorkSans-Regular.ttf */,
				34AD4BF91E20400E00210F61 /* WorkSans-SemiBold.ttf */,
				34AD4BFA1E20400E00210F61 /* WorkSans-Thin.ttf */,
			);
			path = Work_Sans;
			sourceTree = "<group>";
		};
		34C6E52D1DF21B8600EB4972 /* Configuration */ = {
			isa = PBXGroup;
			children = (
				A20B11791E71C23C003A49ED /* GoogleService-Info.plist */,
				34C6E52E1DF21B8600EB4972 /* Info.plist */,
				34C6E5301DF21BAD00EB4972 /* private.plist */,
			);
			path = Configuration;
			sourceTree = "<group>";
		};
		34DA46A61DE61FC600E989A9 = {
			isa = PBXGroup;
			children = (
				34DA46B11DE61FC600E989A9 /* TogetherStream */,
				34DA46C61DE61FC600E989A9 /* TogetherStreamTests */,
				34DA46D11DE61FC600E989A9 /* TogetherStreamUITests */,
				34DA46B01DE61FC600E989A9 /* Products */,
				A2A436041DFA04C6008C2FB2 /* Frameworks */,
				1FB6C0218462DDA3782E2EAD /* Pods */,
			);
			sourceTree = "<group>";
		};
		34DA46B01DE61FC600E989A9 /* Products */ = {
			isa = PBXGroup;
			children = (
				34DA46AF1DE61FC600E989A9 /* TogetherStream.app */,
				34DA46C31DE61FC600E989A9 /* TogetherStreamTests.xctest */,
				34DA46CE1DE61FC600E989A9 /* TogetherStreamUITests.xctest */,
			);
			name = Products;
			sourceTree = "<group>";
		};
		34DA46B11DE61FC600E989A9 /* TogetherStream */ = {
			isa = PBXGroup;
			children = (
				A2F714781DF1FECC00BC7335 /* TogetherStream.entitlements */,
				34DA46B21DE61FC600E989A9 /* AppDelegate.swift */,
				34DA46B91DE61FC600E989A9 /* Assets.xcassets */,
				34C6E52D1DF21B8600EB4972 /* Configuration */,
				34DA46E01DECA2E500E989A9 /* Controllers */,
				34DA47091DECA2E500E989A9 /* ViewModels */,
				34DA46E21DECA2E500E989A9 /* DataManagers */,
				34DA46E51DECA2E500E989A9 /* Extensions */,
				34DA46F61DECA2E500E989A9 /* Models */,
				34DA46F91DECA2E500E989A9 /* Storyboards */,
				34DA47031DECA2E500E989A9 /* SupportingFiles */,
				34DA47061DECA2E500E989A9 /* Utilities */,
				34DA470C1DECA2E500E989A9 /* Views */,
				34AD4BB61E203CE800210F61 /* Resources */,
			);
			path = TogetherStream;
			sourceTree = "<group>";
		};
		34DA46C61DE61FC600E989A9 /* TogetherStreamTests */ = {
			isa = PBXGroup;
			children = (
				34DA46C71DE61FC600E989A9 /* TogetherStreamTests.swift */,
				34DA46C91DE61FC600E989A9 /* Info.plist */,
			);
			path = TogetherStreamTests;
			sourceTree = "<group>";
		};
		34DA46D11DE61FC600E989A9 /* TogetherStreamUITests */ = {
			isa = PBXGroup;
			children = (
				34DA46D21DE61FC600E989A9 /* TogetherStreamUITests.swift */,
				34DA46D41DE61FC600E989A9 /* Info.plist */,
			);
			path = TogetherStreamUITests;
			sourceTree = "<group>";
		};
		34DA46E01DECA2E500E989A9 /* Controllers */ = {
			isa = PBXGroup;
			children = (
				3419A1FB1DF883AF00A11D53 /* MainNavigationController.swift */,
				34C6E5341DF23DBC00EB4972 /* HomeViewController.swift */,
				34C6E5351DF23DBC00EB4972 /* LoginViewController.swift */,
				3419A1F71DF8837E00A11D53 /* NameStreamViewController.swift */,
				34E57BE51DFB0B6800C8BAEA /* AddVideosViewController.swift */,
				3419A1F91DF8839100A11D53 /* InviteStreamViewController.swift */,
				34C6E5321DF23D4600EB4972 /* StreamViewController.swift */,
				34C6E5361DF23DBC00EB4972 /* ProfileViewController.swift */,
				689A111F1E2FFF3900B87DEF /* PopupViewController.swift */,
				6898A7861E44015B000C58F5 /* AboutViewController.swift */,
				A20B113F1E6F1B54003A49ED /* LicenseAgreementViewController.swift */,
				A24A2FE31E85B251003A0CD1 /* ParticipantTableViewController.swift */,
			);
			path = Controllers;
			sourceTree = "<group>";
		};
		34DA46E21DECA2E500E989A9 /* DataManagers */ = {
			isa = PBXGroup;
			children = (
				A29D11011DF5FC4E00FA0EEC /* AccountDataManager.swift */,
				A2A4360C1DFB2421008C2FB2 /* FacebookDataManager.swift */,
				A2A4360E1DFB24CE008C2FB2 /* ServerError.swift */,
				A2A436101DFB3D7F008C2FB2 /* CSyncDataManager.swift */,
				A23377A81E01DDD500E43DA0 /* HeartbeatDataManager.swift */,
				A25D961F1E0341A3008FD996 /* ChatDataManager.swift */,
				A2C1BD801E24024800F515E7 /* ParticipantsDataManager.swift */,
				A2D44DAB1E253D4C00053099 /* YouTubeDataManager.swift */,
				A2F95F7B1E380AE300E41C58 /* ThreadSafeCallbackQueue.swift */,
			);
			path = DataManagers;
			sourceTree = "<group>";
		};
		34DA46E51DECA2E500E989A9 /* Extensions */ = {
			isa = PBXGroup;
			children = (
				34DA46EA1DECA2E500E989A9 /* UIViewControllerExtension.swift */,
				34DA46EB1DECA2E500E989A9 /* UIViewExtensions.swift */,
				A2D44DB31E2FF4E300053099 /* UIColor.swift */,
				3401B4371E2F0C75005ACB96 /* UITableViewExtension.swift */,
				A2B2B8531E830E58006EA959 /* String.swift */,
			);
			path = Extensions;
			sourceTree = "<group>";
		};
		34DA46F61DECA2E500E989A9 /* Models */ = {
			isa = PBXGroup;
			children = (
				A29D11031DF8B30D00FA0EEC /* User.swift */,
				A25D96211E0344B3008FD996 /* ChatMessage.swift */,
				A25D96251E1D55E9008FD996 /* Stream.swift */,
				A2C1BD7C1E23EE6C00F515E7 /* ParticipantMessage.swift */,
				A2C1BD7E1E23FA9400F515E7 /* Message.swift */,
				A2D44DAF1E25754C00053099 /* Video.swift */,
				A2B2B8511E82FAAE006EA959 /* Duration.swift */,
			);
			path = Models;
			sourceTree = "<group>";
		};
		34DA46F91DECA2E500E989A9 /* Storyboards */ = {
			isa = PBXGroup;
			children = (
				34DA472D1DECA31300E989A9 /* LaunchScreen.storyboard */,
				34DA472E1DECA31300E989A9 /* Main.storyboard */,
				34AB45871E259A63000730DC /* Login.storyboard */,
				34AB458B1E259BDD000730DC /* NameStream.storyboard */,
				34AB45911E259C29000730DC /* AddVideos.storyboard */,
				34AB458D1E259BFE000730DC /* InviteStream.storyboard */,
				34AB458F1E259C15000730DC /* Stream.storyboard */,
				34AB45891E259B67000730DC /* Profile.storyboard */,
				689A111D1E2FF35200B87DEF /* Popup.storyboard */,
			);
			path = Storyboards;
			sourceTree = "<group>";
		};
		34DA47031DECA2E500E989A9 /* SupportingFiles */ = {
			isa = PBXGroup;
			children = (
				A2DB6A041E490477006845FB /* TogetherStream-Bridging-Header.h */,
			);
			path = SupportingFiles;
			sourceTree = "<group>";
		};
		34DA47061DECA2E500E989A9 /* Utilities */ = {
			isa = PBXGroup;
			children = (
				34DA47071DECA2E500E989A9 /* Utils.swift */,
			);
			path = Utilities;
			sourceTree = "<group>";
		};
		34DA47091DECA2E500E989A9 /* ViewModels */ = {
			isa = PBXGroup;
			children = (
				A25D96231E0B16BA008FD996 /* StreamViewModel.swift */,
				A25D962B1E1D965A008FD996 /* HomeViewModel.swift */,
				A2D44DAD1E25739300053099 /* AddVideosViewModel.swift */,
				4ABA7DD11E3948B80059CA1F /* InviteStreamViewModel.swift */,
			);
			path = ViewModels;
			sourceTree = "<group>";
		};
		34DA470C1DECA2E500E989A9 /* Views */ = {
			isa = PBXGroup;
			children = (
				A2D44DB91E301E9400053099 /* NoStreamsTableViewCell.swift */,
				A2D44DBB1E30225500053099 /* StreamTableViewCell.xib */,
				A2D44DBD1E3024DC00053099 /* NoStreamsTableViewCell.xib */,
				3401B43B1E2F2C61005ACB96 /* ChatEventTableViewCell.swift */,
				3401B43C1E2F2C61005ACB96 /* ChatEventTableViewCell.xib */,
				A25D96271E1D6964008FD996 /* ChatMessageTableViewCell.swift */,
				3401B4391E2F1FF1005ACB96 /* ChatMessageTableViewCell.xib */,
				A25D96291E1D92EB008FD996 /* StreamTableViewCell.swift */,
				4AD6F7BA1E2D3755006104CF /* TextEmailTableViewCell.swift */,
				4AD6F7BB1E2D3755006104CF /* TextEmailTableViewCell.xib */,
				4A240FBA1E2D8CF600DCD418 /* FriendTableViewCell.swift */,
				4A240FBB1E2D8CF600DCD418 /* FriendTableViewCell.xib */,
				4A240FBE1E2EC57600DCD418 /* InviteFriendsHeaderTableViewCell.swift */,
				4A240FBF1E2EC57600DCD418 /* InviteFriendsHeaderTableViewCell.xib */,
				3401B4311E2EDDB9005ACB96 /* ChatTextFieldAccessoryView.swift */,
				3401B4331E2EDDCF005ACB96 /* ChatTextFieldAccessoryView.xib */,
				A2D44DBF1E32B15900053099 /* SearchResultTableViewCell.swift */,
				A2D44DC01E32B15900053099 /* SearchResultTableViewCell.xib */,
				A2D44DC31E33E99900053099 /* SearchResultHeaderView.swift */,
				A2D44DC51E33E9A600053099 /* SearchResultHeaderView.xib */,
				A2D44DC91E36ACEE00053099 /* NextBannerView.xib */,
				A2D44DCB1E36AE2700053099 /* NextBannerView.swift */,
				68991ECD1E411F7F00F5B4A0 /* ProfileTableViewCell.swift */,
				68991ECE1E411F7F00F5B4A0 /* ProfileTableViewCell.xib */,
				A2483D431E3BB6AE007E92DD /* VideoQueueTableViewCell.swift */,
				A2483D441E3BB6AE007E92DD /* VideoQueueTableViewCell.xib */,
				A2AF79F11E64AA0200796C9B /* InviteCodeTableViewCell.swift */,
				A2AF79F21E64AA0200796C9B /* InviteCodeTableViewCell.xib */,
				A2B2B8551E841681006EA959 /* EndStreamsTableViewCell.swift */,
				A2B2B8561E841681006EA959 /* EndStreamsTableViewCell.xib */,
				A24A2FE51E85C13C003A0CD1 /* ParticipantHeaderView.swift */,
				A24A2FE71E85C14D003A0CD1 /* ParticipantHeaderView.xib */,
				A2CC53FD1E8950C00083E1CD /* ParticipantTableViewCell.swift */,
				A2CC53FE1E8950C00083E1CD /* ParticipantTableViewCell.xib */,
			);
			path = Views;
			sourceTree = "<group>";
		};
		A2A436041DFA04C6008C2FB2 /* Frameworks */ = {
			isa = PBXGroup;
			children = (
				A2A436051DFA04C7008C2FB2 /* CSyncSDK.framework */,
				A2A436061DFA04C7008C2FB2 /* SQLite.framework */,
				A2A436071DFA04C7008C2FB2 /* SwiftWebSocket.framework */,
				148883ACA92439315DFBF366 /* Pods_TogetherStream.framework */,
				F732244D81D2364C6F8AF257 /* Pods_TogetherStreamTests.framework */,
				08ACD779EBDAC91A4230AC59 /* Pods_TogetherStreamUITests.framework */,
			);
			name = Frameworks;
			sourceTree = "<group>";
		};
/* End PBXGroup section */

/* Begin PBXNativeTarget section */
		34DA46AE1DE61FC600E989A9 /* TogetherStream */ = {
			isa = PBXNativeTarget;
			buildConfigurationList = 34DA46D71DE61FC600E989A9 /* Build configuration list for PBXNativeTarget "TogetherStream" */;
			buildPhases = (
				B25CAAFC6E2A2A463EA20A46 /* [CP] Check Pods Manifest.lock */,
				34DA46AB1DE61FC600E989A9 /* Sources */,
				34DA46AC1DE61FC600E989A9 /* Frameworks */,
				34DA46AD1DE61FC600E989A9 /* Resources */,
				A2A4360B1DFA04D6008C2FB2 /* Copy Carthage Frameworks */,
				49AEBADA9127E0E2510AADC9 /* [CP] Embed Pods Frameworks */,
				F45BBC9A11A21623B1D56D20 /* [CP] Copy Pods Resources */,
				68D1A7C21E4105F70073E571 /* Run Fabric */,
			);
			buildRules = (
			);
			dependencies = (
			);
			name = TogetherStream;
			productName = Stormtrooper;
			productReference = 34DA46AF1DE61FC600E989A9 /* TogetherStream.app */;
			productType = "com.apple.product-type.application";
		};
		34DA46C21DE61FC600E989A9 /* TogetherStreamTests */ = {
			isa = PBXNativeTarget;
			buildConfigurationList = 34DA46DA1DE61FC600E989A9 /* Build configuration list for PBXNativeTarget "TogetherStreamTests" */;
			buildPhases = (
				F3B25928F8DE7C2AD37724A9 /* [CP] Check Pods Manifest.lock */,
				34DA46BF1DE61FC600E989A9 /* Sources */,
				34DA46C01DE61FC600E989A9 /* Frameworks */,
				34DA46C11DE61FC600E989A9 /* Resources */,
				2CBCB6C23C5675193893FAEF /* [CP] Embed Pods Frameworks */,
				ABA38B2EA0410B413ACA3C62 /* [CP] Copy Pods Resources */,
			);
			buildRules = (
			);
			dependencies = (
				34DA46C51DE61FC600E989A9 /* PBXTargetDependency */,
			);
			name = TogetherStreamTests;
			productName = StormtrooperTests;
			productReference = 34DA46C31DE61FC600E989A9 /* TogetherStreamTests.xctest */;
			productType = "com.apple.product-type.bundle.unit-test";
		};
		34DA46CD1DE61FC600E989A9 /* TogetherStreamUITests */ = {
			isa = PBXNativeTarget;
			buildConfigurationList = 34DA46DD1DE61FC600E989A9 /* Build configuration list for PBXNativeTarget "TogetherStreamUITests" */;
			buildPhases = (
				26C60ACCE53932AE6BC3A4E8 /* [CP] Check Pods Manifest.lock */,
				34DA46CA1DE61FC600E989A9 /* Sources */,
				34DA46CB1DE61FC600E989A9 /* Frameworks */,
				34DA46CC1DE61FC600E989A9 /* Resources */,
				B48368F40EDBF30704E9A04B /* [CP] Embed Pods Frameworks */,
				23F08467D1AF071D4EB6251B /* [CP] Copy Pods Resources */,
				685F713F1E40FC9300E2F33D /* ShellScript */,
			);
			buildRules = (
			);
			dependencies = (
				34DA46D01DE61FC600E989A9 /* PBXTargetDependency */,
			);
			name = TogetherStreamUITests;
			productName = StormtrooperUITests;
			productReference = 34DA46CE1DE61FC600E989A9 /* TogetherStreamUITests.xctest */;
			productType = "com.apple.product-type.bundle.ui-testing";
		};
/* End PBXNativeTarget section */

/* Begin PBXProject section */
		34DA46A71DE61FC600E989A9 /* Project object */ = {
			isa = PBXProject;
			attributes = {
				KnownAssetTags = (
					0,
				);
				LastSwiftUpdateCheck = 0810;
				LastUpgradeCheck = 0820;
				ORGANIZATIONNAME = IBM;
				TargetAttributes = {
					34DA46AE1DE61FC600E989A9 = {
						CreatedOnToolsVersion = 8.1;
						DevelopmentTeam = PETKK2G752;
						ProvisioningStyle = Manual;
						SystemCapabilities = {
							com.apple.BackgroundModes = {
								enabled = 0;
							};
							com.apple.Keychain = {
								enabled = 1;
							};
							com.apple.Push = {
								enabled = 1;
							};
						};
					};
					34DA46C21DE61FC600E989A9 = {
						CreatedOnToolsVersion = 8.1;
						DevelopmentTeam = PETKK2G752;
						ProvisioningStyle = Automatic;
						TestTargetID = 34DA46AE1DE61FC600E989A9;
					};
					34DA46CD1DE61FC600E989A9 = {
						CreatedOnToolsVersion = 8.1;
						DevelopmentTeam = PETKK2G752;
						ProvisioningStyle = Automatic;
						TestTargetID = 34DA46AE1DE61FC600E989A9;
					};
				};
			};
			buildConfigurationList = 34DA46AA1DE61FC600E989A9 /* Build configuration list for PBXProject "TogetherStream" */;
			compatibilityVersion = "Xcode 3.2";
			developmentRegion = English;
			hasScannedForEncodings = 0;
			knownRegions = (
				en,
				Base,
			);
			mainGroup = 34DA46A61DE61FC600E989A9;
			productRefGroup = 34DA46B01DE61FC600E989A9 /* Products */;
			projectDirPath = "";
			projectRoot = "";
			targets = (
				34DA46AE1DE61FC600E989A9 /* TogetherStream */,
				34DA46C21DE61FC600E989A9 /* TogetherStreamTests */,
				34DA46CD1DE61FC600E989A9 /* TogetherStreamUITests */,
			);
		};
/* End PBXProject section */

/* Begin PBXResourcesBuildPhase section */
		34DA46AD1DE61FC600E989A9 /* Resources */ = {
			isa = PBXResourcesBuildPhase;
			buildActionMask = 2147483647;
			files = (
				A2D44DC21E32B15900053099 /* SearchResultTableViewCell.xib in Resources */,
				A2CC54001E8950C00083E1CD /* ParticipantTableViewCell.xib in Resources */,
				A266BD8E1E79F392009992F2 /* GoogleService-Info.plist in Resources */,
				68991ED01E411F7F00F5B4A0 /* ProfileTableViewCell.xib in Resources */,
				A2AF79F41E64AA0200796C9B /* InviteCodeTableViewCell.xib in Resources */,
				A2D44DBE1E3024DC00053099 /* NoStreamsTableViewCell.xib in Resources */,
				34AD4C0E1E20400E00210F61 /* WorkSans-SemiBold.ttf in Resources */,
				A24A2FE81E85C14D003A0CD1 /* ParticipantHeaderView.xib in Resources */,
				34AD4C061E20400E00210F61 /* OFL.txt in Resources */,
				34AD4C051E20400E00210F61 /* OpenSans-SemiboldItalic.ttf in Resources */,
				4AD6F7BD1E2D3755006104CF /* TextEmailTableViewCell.xib in Resources */,
				4A240FC11E2EC57600DCD418 /* InviteFriendsHeaderTableViewCell.xib in Resources */,
				34AD4BFB1E20400E00210F61 /* LICENSE.txt in Resources */,
				34AD4C001E20400E00210F61 /* OpenSans-Italic.ttf in Resources */,
				34AD4C081E20400E00210F61 /* WorkSans-Bold.ttf in Resources */,
				A2483D461E3BB6AE007E92DD /* VideoQueueTableViewCell.xib in Resources */,
				34AD4C0B1E20400E00210F61 /* WorkSans-Light.ttf in Resources */,
				3401B43A1E2F1FF1005ACB96 /* ChatMessageTableViewCell.xib in Resources */,
				34AD4BFC1E20400E00210F61 /* OpenSans-Bold.ttf in Resources */,
				A2D44DC61E33E9A600053099 /* SearchResultHeaderView.xib in Resources */,
				34AB458C1E259BDD000730DC /* NameStream.storyboard in Resources */,
				34AD4BFE1E20400E00210F61 /* OpenSans-ExtraBold.ttf in Resources */,
				34AB45901E259C15000730DC /* Stream.storyboard in Resources */,
				A2B2B8581E841681006EA959 /* EndStreamsTableViewCell.xib in Resources */,
				34AD4C0A1E20400E00210F61 /* WorkSans-ExtraLight.ttf in Resources */,
				34AD4C0F1E20400E00210F61 /* WorkSans-Thin.ttf in Resources */,
				34AD4C091E20400E00210F61 /* WorkSans-ExtraBold.ttf in Resources */,
				34DA46BA1DE61FC600E989A9 /* Assets.xcassets in Resources */,
				A2D44DCA1E36ACEE00053099 /* NextBannerView.xib in Resources */,
				34AD4C0C1E20400E00210F61 /* WorkSans-Medium.ttf in Resources */,
				34AD4C011E20400E00210F61 /* OpenSans-Light.ttf in Resources */,
				34C6E5311DF21BAD00EB4972 /* private.plist in Resources */,
				34AB45881E259A63000730DC /* Login.storyboard in Resources */,
				4A240FBD1E2D8CF600DCD418 /* FriendTableViewCell.xib in Resources */,
				3401B4341E2EDDCF005ACB96 /* ChatTextFieldAccessoryView.xib in Resources */,
				34AB458E1E259BFE000730DC /* InviteStream.storyboard in Resources */,
				34AD4C0D1E20400E00210F61 /* WorkSans-Regular.ttf in Resources */,
				34DA47301DECA31300E989A9 /* Main.storyboard in Resources */,
				A2D44DBC1E30225500053099 /* StreamTableViewCell.xib in Resources */,
				34AD4C041E20400E00210F61 /* OpenSans-Semibold.ttf in Resources */,
				34AD4C071E20400E00210F61 /* WorkSans-Black.ttf in Resources */,
				34AD4BFF1E20400E00210F61 /* OpenSans-ExtraBoldItalic.ttf in Resources */,
				34AD4C031E20400E00210F61 /* OpenSans-Regular.ttf in Resources */,
				34AD4BFD1E20400E00210F61 /* OpenSans-BoldItalic.ttf in Resources */,
				689A111E1E2FF35200B87DEF /* Popup.storyboard in Resources */,
				34AD4C021E20400E00210F61 /* OpenSans-LightItalic.ttf in Resources */,
				34AB458A1E259B67000730DC /* Profile.storyboard in Resources */,
				3401B43E1E2F2C61005ACB96 /* ChatEventTableViewCell.xib in Resources */,
				34AB45921E259C29000730DC /* AddVideos.storyboard in Resources */,
				34DA472F1DECA31300E989A9 /* LaunchScreen.storyboard in Resources */,
			);
			runOnlyForDeploymentPostprocessing = 0;
		};
		34DA46C11DE61FC600E989A9 /* Resources */ = {
			isa = PBXResourcesBuildPhase;
			buildActionMask = 2147483647;
			files = (
			);
			runOnlyForDeploymentPostprocessing = 0;
		};
		34DA46CC1DE61FC600E989A9 /* Resources */ = {
			isa = PBXResourcesBuildPhase;
			buildActionMask = 2147483647;
			files = (
			);
			runOnlyForDeploymentPostprocessing = 0;
		};
/* End PBXResourcesBuildPhase section */

/* Begin PBXShellScriptBuildPhase section */
		23F08467D1AF071D4EB6251B /* [CP] Copy Pods Resources */ = {
			isa = PBXShellScriptBuildPhase;
			buildActionMask = 2147483647;
			files = (
			);
			inputPaths = (
			);
			name = "[CP] Copy Pods Resources";
			outputPaths = (
			);
			runOnlyForDeploymentPostprocessing = 0;
			shellPath = /bin/sh;
			shellScript = "\"${SRCROOT}/Pods/Target Support Files/Pods-TogetherStreamUITests/Pods-TogetherStreamUITests-resources.sh\"\n";
			showEnvVarsInLog = 0;
		};
		26C60ACCE53932AE6BC3A4E8 /* [CP] Check Pods Manifest.lock */ = {
			isa = PBXShellScriptBuildPhase;
			buildActionMask = 2147483647;
			files = (
			);
			inputPaths = (
			);
			name = "[CP] Check Pods Manifest.lock";
			outputPaths = (
			);
			runOnlyForDeploymentPostprocessing = 0;
			shellPath = /bin/sh;
			shellScript = "diff \"${PODS_ROOT}/../Podfile.lock\" \"${PODS_ROOT}/Manifest.lock\" > /dev/null\nif [ $? != 0 ] ; then\n    # print error to STDERR\n    echo \"error: The sandbox is not in sync with the Podfile.lock. Run 'pod install' or update your CocoaPods installation.\" >&2\n    exit 1\nfi\n";
			showEnvVarsInLog = 0;
		};
		2CBCB6C23C5675193893FAEF /* [CP] Embed Pods Frameworks */ = {
			isa = PBXShellScriptBuildPhase;
			buildActionMask = 2147483647;
			files = (
			);
			inputPaths = (
			);
			name = "[CP] Embed Pods Frameworks";
			outputPaths = (
			);
			runOnlyForDeploymentPostprocessing = 0;
			shellPath = /bin/sh;
			shellScript = "\"${SRCROOT}/Pods/Target Support Files/Pods-TogetherStreamTests/Pods-TogetherStreamTests-frameworks.sh\"\n";
			showEnvVarsInLog = 0;
		};
		49AEBADA9127E0E2510AADC9 /* [CP] Embed Pods Frameworks */ = {
			isa = PBXShellScriptBuildPhase;
			buildActionMask = 2147483647;
			files = (
			);
			inputPaths = (
			);
			name = "[CP] Embed Pods Frameworks";
			outputPaths = (
			);
			runOnlyForDeploymentPostprocessing = 0;
			shellPath = /bin/sh;
			shellScript = "\"${SRCROOT}/Pods/Target Support Files/Pods-TogetherStream/Pods-TogetherStream-frameworks.sh\"\n";
			showEnvVarsInLog = 0;
		};
		685F713F1E40FC9300E2F33D /* ShellScript */ = {
			isa = PBXShellScriptBuildPhase;
			buildActionMask = 2147483647;
			files = (
			);
			inputPaths = (
			);
			outputPaths = (
			);
			runOnlyForDeploymentPostprocessing = 0;
			shellPath = /bin/sh;
			shellScript = "\"${PODS_ROOT}/Fabric/run\" 538252876981992b98f7f191f5a981ffab1a1470 3845e8c1e4ac3dff858d4ffabdf7c8a9d9f6704ea69b4df80d5a80d4a69ea609";
		};
		68D1A7C21E4105F70073E571 /* Run Fabric */ = {
			isa = PBXShellScriptBuildPhase;
			buildActionMask = 2147483647;
			files = (
			);
			inputPaths = (
			);
			name = "Run Fabric";
			outputPaths = (
			);
			runOnlyForDeploymentPostprocessing = 0;
			shellPath = /bin/sh;
			shellScript = "\"${PODS_ROOT}/Fabric/run\" 538252876981992b98f7f191f5a981ffab1a1470 3845e8c1e4ac3dff858d4ffabdf7c8a9d9f6704ea69b4df80d5a80d4a69ea609";
		};
		A2A4360B1DFA04D6008C2FB2 /* Copy Carthage Frameworks */ = {
			isa = PBXShellScriptBuildPhase;
			buildActionMask = 2147483647;
			files = (
			);
			inputPaths = (
				"$(SRCROOT)/Carthage/Build/iOS/CSyncSDK.framework",
				"$(SRCROOT)/Carthage/Build/iOS/SQLite.framework",
				"$(SRCROOT)/Carthage/Build/iOS/SwiftWebSocket.framework",
			);
			name = "Copy Carthage Frameworks";
			outputPaths = (
			);
			runOnlyForDeploymentPostprocessing = 0;
			shellPath = /bin/sh;
			shellScript = "/usr/local/bin/carthage copy-frameworks";
		};
		ABA38B2EA0410B413ACA3C62 /* [CP] Copy Pods Resources */ = {
			isa = PBXShellScriptBuildPhase;
			buildActionMask = 2147483647;
			files = (
			);
			inputPaths = (
			);
			name = "[CP] Copy Pods Resources";
			outputPaths = (
			);
			runOnlyForDeploymentPostprocessing = 0;
			shellPath = /bin/sh;
			shellScript = "\"${SRCROOT}/Pods/Target Support Files/Pods-TogetherStreamTests/Pods-TogetherStreamTests-resources.sh\"\n";
			showEnvVarsInLog = 0;
		};
		B25CAAFC6E2A2A463EA20A46 /* [CP] Check Pods Manifest.lock */ = {
			isa = PBXShellScriptBuildPhase;
			buildActionMask = 2147483647;
			files = (
			);
			inputPaths = (
			);
			name = "[CP] Check Pods Manifest.lock";
			outputPaths = (
			);
			runOnlyForDeploymentPostprocessing = 0;
			shellPath = /bin/sh;
			shellScript = "diff \"${PODS_ROOT}/../Podfile.lock\" \"${PODS_ROOT}/Manifest.lock\" > /dev/null\nif [ $? != 0 ] ; then\n    # print error to STDERR\n    echo \"error: The sandbox is not in sync with the Podfile.lock. Run 'pod install' or update your CocoaPods installation.\" >&2\n    exit 1\nfi\n";
			showEnvVarsInLog = 0;
		};
		B48368F40EDBF30704E9A04B /* [CP] Embed Pods Frameworks */ = {
			isa = PBXShellScriptBuildPhase;
			buildActionMask = 2147483647;
			files = (
			);
			inputPaths = (
			);
			name = "[CP] Embed Pods Frameworks";
			outputPaths = (
			);
			runOnlyForDeploymentPostprocessing = 0;
			shellPath = /bin/sh;
			shellScript = "\"${SRCROOT}/Pods/Target Support Files/Pods-TogetherStreamUITests/Pods-TogetherStreamUITests-frameworks.sh\"\n";
			showEnvVarsInLog = 0;
		};
		F3B25928F8DE7C2AD37724A9 /* [CP] Check Pods Manifest.lock */ = {
			isa = PBXShellScriptBuildPhase;
			buildActionMask = 2147483647;
			files = (
			);
			inputPaths = (
			);
			name = "[CP] Check Pods Manifest.lock";
			outputPaths = (
			);
			runOnlyForDeploymentPostprocessing = 0;
			shellPath = /bin/sh;
			shellScript = "diff \"${PODS_ROOT}/../Podfile.lock\" \"${PODS_ROOT}/Manifest.lock\" > /dev/null\nif [ $? != 0 ] ; then\n    # print error to STDERR\n    echo \"error: The sandbox is not in sync with the Podfile.lock. Run 'pod install' or update your CocoaPods installation.\" >&2\n    exit 1\nfi\n";
			showEnvVarsInLog = 0;
		};
		F45BBC9A11A21623B1D56D20 /* [CP] Copy Pods Resources */ = {
			isa = PBXShellScriptBuildPhase;
			buildActionMask = 2147483647;
			files = (
			);
			inputPaths = (
			);
			name = "[CP] Copy Pods Resources";
			outputPaths = (
			);
			runOnlyForDeploymentPostprocessing = 0;
			shellPath = /bin/sh;
			shellScript = "\"${SRCROOT}/Pods/Target Support Files/Pods-TogetherStream/Pods-TogetherStream-resources.sh\"\n";
			showEnvVarsInLog = 0;
		};
/* End PBXShellScriptBuildPhase section */

/* Begin PBXSourcesBuildPhase section */
		34DA46AB1DE61FC600E989A9 /* Sources */ = {
			isa = PBXSourcesBuildPhase;
			buildActionMask = 2147483647;
			files = (
				3401B4321E2EDDB9005ACB96 /* ChatTextFieldAccessoryView.swift in Sources */,
				3401B43D1E2F2C61005ACB96 /* ChatEventTableViewCell.swift in Sources */,
				3419A1FC1DF883AF00A11D53 /* MainNavigationController.swift in Sources */,
				A20B11401E6F1B54003A49ED /* LicenseAgreementViewController.swift in Sources */,
				A2D44DCC1E36AE2700053099 /* NextBannerView.swift in Sources */,
				689A11201E2FFF3900B87DEF /* PopupViewController.swift in Sources */,
				4ABA7DD21E3948B80059CA1F /* InviteStreamViewModel.swift in Sources */,
				3419A1FA1DF8839100A11D53 /* InviteStreamViewController.swift in Sources */,
				A2D44DB01E25754C00053099 /* Video.swift in Sources */,
				A23377A91E01DDD500E43DA0 /* HeartbeatDataManager.swift in Sources */,
				A24A2FE61E85C13C003A0CD1 /* ParticipantHeaderView.swift in Sources */,
				A25D962A1E1D92EB008FD996 /* StreamTableViewCell.swift in Sources */,
				A2D44DBA1E301E9400053099 /* NoStreamsTableViewCell.swift in Sources */,
				A25D96241E0B16BA008FD996 /* StreamViewModel.swift in Sources */,
				A2C1BD7F1E23FA9400F515E7 /* Message.swift in Sources */,
				A2B2B8541E830E58006EA959 /* String.swift in Sources */,
				3401B4381E2F0C75005ACB96 /* UITableViewExtension.swift in Sources */,
				34C6E5331DF23D4600EB4972 /* StreamViewController.swift in Sources */,
				A2C1BD7D1E23EE6C00F515E7 /* ParticipantMessage.swift in Sources */,
				A29D11021DF5FC4E00FA0EEC /* AccountDataManager.swift in Sources */,
				3419A1F81DF8837E00A11D53 /* NameStreamViewController.swift in Sources */,
				A25D96221E0344B3008FD996 /* ChatMessage.swift in Sources */,
				4A240FC01E2EC57600DCD418 /* InviteFriendsHeaderTableViewCell.swift in Sources */,
				6898A7871E44015B000C58F5 /* AboutViewController.swift in Sources */,
				A2D44DAE1E25739300053099 /* AddVideosViewModel.swift in Sources */,
				A2D44DAC1E253D4C00053099 /* YouTubeDataManager.swift in Sources */,
				A25D96201E0341A3008FD996 /* ChatDataManager.swift in Sources */,
				A2CC53FF1E8950C00083E1CD /* ParticipantTableViewCell.swift in Sources */,
				34DA47171DECA2E600E989A9 /* UIViewExtensions.swift in Sources */,
				34DA46B31DE61FC600E989A9 /* AppDelegate.swift in Sources */,
				A2D44DB41E2FF4E300053099 /* UIColor.swift in Sources */,
				A25D96281E1D6964008FD996 /* ChatMessageTableViewCell.swift in Sources */,
				34DA47271DECA2E600E989A9 /* Utils.swift in Sources */,
				A24A2FE41E85B251003A0CD1 /* ParticipantTableViewController.swift in Sources */,
				A2B2B8521E82FAAE006EA959 /* Duration.swift in Sources */,
				34C6E5391DF23DBC00EB4972 /* ProfileViewController.swift in Sources */,
				A2A436111DFB3D7F008C2FB2 /* CSyncDataManager.swift in Sources */,
				34DA47161DECA2E600E989A9 /* UIViewControllerExtension.swift in Sources */,
				68991ECF1E411F7F00F5B4A0 /* ProfileTableViewCell.swift in Sources */,
				34E57BE61DFB0B6800C8BAEA /* AddVideosViewController.swift in Sources */,
				4AD6F7BC1E2D3755006104CF /* TextEmailTableViewCell.swift in Sources */,
				34C6E5381DF23DBC00EB4972 /* LoginViewController.swift in Sources */,
				A2B2B8571E841681006EA959 /* EndStreamsTableViewCell.swift in Sources */,
				34C6E5371DF23DBC00EB4972 /* HomeViewController.swift in Sources */,
				A2D44DC11E32B15900053099 /* SearchResultTableViewCell.swift in Sources */,
				A29D11041DF8B30D00FA0EEC /* User.swift in Sources */,
				4A240FBC1E2D8CF600DCD418 /* FriendTableViewCell.swift in Sources */,
				A2F95F7C1E380AE300E41C58 /* ThreadSafeCallbackQueue.swift in Sources */,
				A2483D451E3BB6AE007E92DD /* VideoQueueTableViewCell.swift in Sources */,
				A2A4360D1DFB2421008C2FB2 /* FacebookDataManager.swift in Sources */,
				A2A4360F1DFB24CE008C2FB2 /* ServerError.swift in Sources */,
				A25D962C1E1D965A008FD996 /* HomeViewModel.swift in Sources */,
				A25D96261E1D55E9008FD996 /* Stream.swift in Sources */,
				A2AF79F31E64AA0200796C9B /* InviteCodeTableViewCell.swift in Sources */,
				A2D44DC41E33E99900053099 /* SearchResultHeaderView.swift in Sources */,
				A2C1BD811E24024800F515E7 /* ParticipantsDataManager.swift in Sources */,
			);
			runOnlyForDeploymentPostprocessing = 0;
		};
		34DA46BF1DE61FC600E989A9 /* Sources */ = {
			isa = PBXSourcesBuildPhase;
			buildActionMask = 2147483647;
			files = (
				34DA46C81DE61FC600E989A9 /* TogetherStreamTests.swift in Sources */,
			);
			runOnlyForDeploymentPostprocessing = 0;
		};
		34DA46CA1DE61FC600E989A9 /* Sources */ = {
			isa = PBXSourcesBuildPhase;
			buildActionMask = 2147483647;
			files = (
				34DA46D31DE61FC600E989A9 /* TogetherStreamUITests.swift in Sources */,
			);
			runOnlyForDeploymentPostprocessing = 0;
		};
/* End PBXSourcesBuildPhase section */

/* Begin PBXTargetDependency section */
		34DA46C51DE61FC600E989A9 /* PBXTargetDependency */ = {
			isa = PBXTargetDependency;
			target = 34DA46AE1DE61FC600E989A9 /* TogetherStream */;
			targetProxy = 34DA46C41DE61FC600E989A9 /* PBXContainerItemProxy */;
		};
		34DA46D01DE61FC600E989A9 /* PBXTargetDependency */ = {
			isa = PBXTargetDependency;
			target = 34DA46AE1DE61FC600E989A9 /* TogetherStream */;
			targetProxy = 34DA46CF1DE61FC600E989A9 /* PBXContainerItemProxy */;
		};
/* End PBXTargetDependency section */

/* Begin XCBuildConfiguration section */
		34DA46D51DE61FC600E989A9 /* Debug */ = {
			isa = XCBuildConfiguration;
			buildSettings = {
				ALWAYS_SEARCH_USER_PATHS = NO;
				CLANG_ANALYZER_NONNULL = YES;
				CLANG_CXX_LANGUAGE_STANDARD = "gnu++0x";
				CLANG_CXX_LIBRARY = "libc++";
				CLANG_ENABLE_MODULES = YES;
				CLANG_ENABLE_OBJC_ARC = YES;
				CLANG_WARN_BOOL_CONVERSION = YES;
				CLANG_WARN_CONSTANT_CONVERSION = YES;
				CLANG_WARN_DIRECT_OBJC_ISA_USAGE = YES_ERROR;
				CLANG_WARN_DOCUMENTATION_COMMENTS = YES;
				CLANG_WARN_EMPTY_BODY = YES;
				CLANG_WARN_ENUM_CONVERSION = YES;
				CLANG_WARN_INFINITE_RECURSION = YES;
				CLANG_WARN_INT_CONVERSION = YES;
				CLANG_WARN_OBJC_ROOT_CLASS = YES_ERROR;
				CLANG_WARN_SUSPICIOUS_MOVE = YES;
				CLANG_WARN_SUSPICIOUS_MOVES = YES;
				CLANG_WARN_UNREACHABLE_CODE = YES;
				CLANG_WARN__DUPLICATE_METHOD_MATCH = YES;
				"CODE_SIGN_IDENTITY[sdk=iphoneos*]" = "iPhone Developer";
				COPY_PHASE_STRIP = NO;
				DEBUG_INFORMATION_FORMAT = dwarf;
				ENABLE_STRICT_OBJC_MSGSEND = YES;
				ENABLE_TESTABILITY = YES;
				GCC_C_LANGUAGE_STANDARD = gnu99;
				GCC_DYNAMIC_NO_PIC = NO;
				GCC_NO_COMMON_BLOCKS = YES;
				GCC_OPTIMIZATION_LEVEL = 0;
				GCC_PREPROCESSOR_DEFINITIONS = (
					"DEBUG=1",
					"$(inherited)",
				);
				GCC_WARN_64_TO_32_BIT_CONVERSION = YES;
				GCC_WARN_ABOUT_RETURN_TYPE = YES_ERROR;
				GCC_WARN_UNDECLARED_SELECTOR = YES;
				GCC_WARN_UNINITIALIZED_AUTOS = YES_AGGRESSIVE;
				GCC_WARN_UNUSED_FUNCTION = YES;
				GCC_WARN_UNUSED_VARIABLE = YES;
				IPHONEOS_DEPLOYMENT_TARGET = 10.1;
				MTL_ENABLE_DEBUG_INFO = YES;
				ONLY_ACTIVE_ARCH = YES;
				SDKROOT = iphoneos;
				SWIFT_ACTIVE_COMPILATION_CONDITIONS = DEBUG;
				SWIFT_INCLUDE_PATHS = "";
				SWIFT_OPTIMIZATION_LEVEL = "-Onone";
				TARGETED_DEVICE_FAMILY = "1,2";
			};
			name = Debug;
		};
		34DA46D61DE61FC600E989A9 /* Release */ = {
			isa = XCBuildConfiguration;
			buildSettings = {
				ALWAYS_SEARCH_USER_PATHS = NO;
				CLANG_ANALYZER_NONNULL = YES;
				CLANG_CXX_LANGUAGE_STANDARD = "gnu++0x";
				CLANG_CXX_LIBRARY = "libc++";
				CLANG_ENABLE_MODULES = YES;
				CLANG_ENABLE_OBJC_ARC = YES;
				CLANG_WARN_BOOL_CONVERSION = YES;
				CLANG_WARN_CONSTANT_CONVERSION = YES;
				CLANG_WARN_DIRECT_OBJC_ISA_USAGE = YES_ERROR;
				CLANG_WARN_DOCUMENTATION_COMMENTS = YES;
				CLANG_WARN_EMPTY_BODY = YES;
				CLANG_WARN_ENUM_CONVERSION = YES;
				CLANG_WARN_INFINITE_RECURSION = YES;
				CLANG_WARN_INT_CONVERSION = YES;
				CLANG_WARN_OBJC_ROOT_CLASS = YES_ERROR;
				CLANG_WARN_SUSPICIOUS_MOVE = YES;
				CLANG_WARN_SUSPICIOUS_MOVES = YES;
				CLANG_WARN_UNREACHABLE_CODE = YES;
				CLANG_WARN__DUPLICATE_METHOD_MATCH = YES;
				"CODE_SIGN_IDENTITY[sdk=iphoneos*]" = "iPhone Developer";
				COPY_PHASE_STRIP = NO;
				DEBUG_INFORMATION_FORMAT = "dwarf-with-dsym";
				ENABLE_NS_ASSERTIONS = NO;
				ENABLE_STRICT_OBJC_MSGSEND = YES;
				GCC_C_LANGUAGE_STANDARD = gnu99;
				GCC_NO_COMMON_BLOCKS = YES;
				GCC_WARN_64_TO_32_BIT_CONVERSION = YES;
				GCC_WARN_ABOUT_RETURN_TYPE = YES_ERROR;
				GCC_WARN_UNDECLARED_SELECTOR = YES;
				GCC_WARN_UNINITIALIZED_AUTOS = YES_AGGRESSIVE;
				GCC_WARN_UNUSED_FUNCTION = YES;
				GCC_WARN_UNUSED_VARIABLE = YES;
				IPHONEOS_DEPLOYMENT_TARGET = 10.1;
				MTL_ENABLE_DEBUG_INFO = NO;
				SDKROOT = iphoneos;
				SWIFT_INCLUDE_PATHS = "";
				SWIFT_OPTIMIZATION_LEVEL = "-Owholemodule";
				TARGETED_DEVICE_FAMILY = "1,2";
				VALIDATE_PRODUCT = YES;
			};
			name = Release;
		};
		34DA46D81DE61FC600E989A9 /* Debug */ = {
			isa = XCBuildConfiguration;
			baseConfigurationReference = 26C1EFB16234FDE318ED304E /* Pods-TogetherStream.debug.xcconfig */;
			buildSettings = {
				ASSETCATALOG_COMPILER_APPICON_NAME = AppIcon;
				CODE_SIGN_ENTITLEMENTS = TogetherStream/TogetherStream.entitlements;
				"CODE_SIGN_IDENTITY[sdk=iphoneos*]" = "iPhone Developer";
				DEBUG_INFORMATION_FORMAT = "dwarf-with-dsym";
				DEVELOPMENT_TEAM = PETKK2G752;
				FRAMEWORK_SEARCH_PATHS = (
					"$(inherited)",
					"$(PROJECT_DIR)/TogetherStream/ExternalLibraries",
					"$(PROJECT_DIR)/Carthage/Build/iOS",
				);
				INFOPLIST_FILE = "$(SRCROOT)/TogetherStream/Configuration/Info.plist";
				LD_RUNPATH_SEARCH_PATHS = "$(inherited) @executable_path/Frameworks";
				PRODUCT_BUNDLE_IDENTIFIER = com.ibm.cloud.stormtrooper;
				PRODUCT_NAME = "$(TARGET_NAME)";
				PROVISIONING_PROFILE = "91731f23-dffc-46fa-afbd-c22d05fea2c1";
				PROVISIONING_PROFILE_SPECIFIER = "IBM Cloud Stormtrooper - Dev Profile";
				SWIFT_INSTALL_OBJC_HEADER = YES;
				SWIFT_OBJC_BRIDGING_HEADER = "TogetherStream/SupportingFiles/TogetherStream-Bridging-Header.h";
				SWIFT_VERSION = 3.0;
				TARGETED_DEVICE_FAMILY = 1;
			};
			name = Debug;
		};
		34DA46D91DE61FC600E989A9 /* Release */ = {
			isa = XCBuildConfiguration;
			baseConfigurationReference = 19316B70FD384C6448178433 /* Pods-TogetherStream.release.xcconfig */;
			buildSettings = {
				ASSETCATALOG_COMPILER_APPICON_NAME = AppIcon;
				CODE_SIGN_ENTITLEMENTS = TogetherStream/TogetherStream.entitlements;
				"CODE_SIGN_IDENTITY[sdk=iphoneos*]" = "iPhone Developer";
				DEVELOPMENT_TEAM = PETKK2G752;
				FRAMEWORK_SEARCH_PATHS = (
					"$(inherited)",
					"$(PROJECT_DIR)/TogetherStream/ExternalLibraries",
					"$(PROJECT_DIR)/Carthage/Build/iOS",
				);
				INFOPLIST_FILE = "$(SRCROOT)/TogetherStream/Configuration/Info.plist";
				LD_RUNPATH_SEARCH_PATHS = "$(inherited) @executable_path/Frameworks";
				PRODUCT_BUNDLE_IDENTIFIER = com.ibm.cloud.stormtrooper;
				PRODUCT_NAME = "$(TARGET_NAME)";
				PROVISIONING_PROFILE = "a1f0bce2-ba52-4f43-8c50-619d282b2ded";
				PROVISIONING_PROFILE_SPECIFIER = "IBM Cloud Stormtrooper - Dev Profile";
				SWIFT_INSTALL_OBJC_HEADER = YES;
				SWIFT_OBJC_BRIDGING_HEADER = "TogetherStream/SupportingFiles/TogetherStream-Bridging-Header.h";
				SWIFT_VERSION = 3.0;
				TARGETED_DEVICE_FAMILY = 1;
			};
			name = Release;
		};
		34DA46DB1DE61FC600E989A9 /* Debug */ = {
			isa = XCBuildConfiguration;
			baseConfigurationReference = 9EFF70948471E4709B39FE4E /* Pods-TogetherStreamTests.debug.xcconfig */;
			buildSettings = {
				ALWAYS_EMBED_SWIFT_STANDARD_LIBRARIES = "$(inherited)";
				BUNDLE_LOADER = "$(TEST_HOST)";
				DEVELOPMENT_TEAM = PETKK2G752;
				INFOPLIST_FILE = StormtrooperTests/Info.plist;
				LD_RUNPATH_SEARCH_PATHS = "$(inherited) @executable_path/Frameworks @loader_path/Frameworks";
				PRODUCT_BUNDLE_IDENTIFIER = com.IBM.StormtrooperTests;
				PRODUCT_NAME = "$(TARGET_NAME)";
				SWIFT_VERSION = 3.0;
				TEST_HOST = "$(BUILT_PRODUCTS_DIR)/Stormtrooper.app/Stormtrooper";
			};
			name = Debug;
		};
		34DA46DC1DE61FC600E989A9 /* Release */ = {
			isa = XCBuildConfiguration;
			baseConfigurationReference = 37917D07A5AEC17F58EF4518 /* Pods-TogetherStreamTests.release.xcconfig */;
			buildSettings = {
				ALWAYS_EMBED_SWIFT_STANDARD_LIBRARIES = "$(inherited)";
				BUNDLE_LOADER = "$(TEST_HOST)";
				DEVELOPMENT_TEAM = PETKK2G752;
				INFOPLIST_FILE = StormtrooperTests/Info.plist;
				LD_RUNPATH_SEARCH_PATHS = "$(inherited) @executable_path/Frameworks @loader_path/Frameworks";
				PRODUCT_BUNDLE_IDENTIFIER = com.IBM.StormtrooperTests;
				PRODUCT_NAME = "$(TARGET_NAME)";
				SWIFT_VERSION = 3.0;
				TEST_HOST = "$(BUILT_PRODUCTS_DIR)/Stormtrooper.app/Stormtrooper";
			};
			name = Release;
		};
		34DA46DE1DE61FC600E989A9 /* Debug */ = {
			isa = XCBuildConfiguration;
			baseConfigurationReference = 3A3ADEE4F2D8BEFDAC18C786 /* Pods-TogetherStreamUITests.debug.xcconfig */;
			buildSettings = {
				ALWAYS_EMBED_SWIFT_STANDARD_LIBRARIES = "$(inherited)";
				DEVELOPMENT_TEAM = PETKK2G752;
				INFOPLIST_FILE = StormtrooperUITests/Info.plist;
				LD_RUNPATH_SEARCH_PATHS = "$(inherited) @executable_path/Frameworks @loader_path/Frameworks";
				PRODUCT_BUNDLE_IDENTIFIER = com.IBM.StormtrooperUITests;
				PRODUCT_NAME = "$(TARGET_NAME)";
				SWIFT_VERSION = 3.0;
				TEST_TARGET_NAME = Stormtrooper;
			};
			name = Debug;
		};
		34DA46DF1DE61FC600E989A9 /* Release */ = {
			isa = XCBuildConfiguration;
			baseConfigurationReference = 412356E7EC8D679DE34256ED /* Pods-TogetherStreamUITests.release.xcconfig */;
			buildSettings = {
				ALWAYS_EMBED_SWIFT_STANDARD_LIBRARIES = "$(inherited)";
				DEVELOPMENT_TEAM = PETKK2G752;
				INFOPLIST_FILE = StormtrooperUITests/Info.plist;
				LD_RUNPATH_SEARCH_PATHS = "$(inherited) @executable_path/Frameworks @loader_path/Frameworks";
				PRODUCT_BUNDLE_IDENTIFIER = com.IBM.StormtrooperUITests;
				PRODUCT_NAME = "$(TARGET_NAME)";
				SWIFT_VERSION = 3.0;
				TEST_TARGET_NAME = Stormtrooper;
			};
			name = Release;
		};
/* End XCBuildConfiguration section */

/* Begin XCConfigurationList section */
		34DA46AA1DE61FC600E989A9 /* Build configuration list for PBXProject "TogetherStream" */ = {
			isa = XCConfigurationList;
			buildConfigurations = (
				34DA46D51DE61FC600E989A9 /* Debug */,
				34DA46D61DE61FC600E989A9 /* Release */,
			);
			defaultConfigurationIsVisible = 0;
			defaultConfigurationName = Release;
		};
		34DA46D71DE61FC600E989A9 /* Build configuration list for PBXNativeTarget "TogetherStream" */ = {
			isa = XCConfigurationList;
			buildConfigurations = (
				34DA46D81DE61FC600E989A9 /* Debug */,
				34DA46D91DE61FC600E989A9 /* Release */,
			);
			defaultConfigurationIsVisible = 0;
			defaultConfigurationName = Release;
		};
		34DA46DA1DE61FC600E989A9 /* Build configuration list for PBXNativeTarget "TogetherStreamTests" */ = {
			isa = XCConfigurationList;
			buildConfigurations = (
				34DA46DB1DE61FC600E989A9 /* Debug */,
				34DA46DC1DE61FC600E989A9 /* Release */,
			);
			defaultConfigurationIsVisible = 0;
			defaultConfigurationName = Release;
		};
		34DA46DD1DE61FC600E989A9 /* Build configuration list for PBXNativeTarget "TogetherStreamUITests" */ = {
			isa = XCConfigurationList;
			buildConfigurations = (
				34DA46DE1DE61FC600E989A9 /* Debug */,
				34DA46DF1DE61FC600E989A9 /* Release */,
			);
			defaultConfigurationIsVisible = 0;
			defaultConfigurationName = Release;
		};
/* End XCConfigurationList section */
	};
	rootObject = 34DA46A71DE61FC600E989A9 /* Project object */;
}
